// !$*UTF8*$!
{
	archiveVersion = 1;
	classes = {
	};
	objectVersion = 46;
	objects = {

/* Begin PBXBuildFile section */
		8504E77C1749206900826B8B /* RootViewController-ipad.xib in Resources */ = {isa = PBXBuildFile; fileRef = 8504E77B1749206900826B8B /* RootViewController-ipad.xib */; };
		8504E77F1749206900826B8B /* EulaViewController-ipad.xib in Resources */ = {isa = PBXBuildFile; fileRef = 8504E77E1749206900826B8B /* EulaViewController-ipad.xib */; };
		8504E7811749206900826B8B /* RapidReturnController-ipad.xib in Resources */ = {isa = PBXBuildFile; fileRef = 8504E7801749206900826B8B /* RapidReturnController-ipad.xib */; };
		8504E7831749206900826B8B /* BreastMassageController-ipad.xib in Resources */ = {isa = PBXBuildFile; fileRef = 8504E7821749206900826B8B /* BreastMassageController-ipad.xib */; };
		8504E7871749206900826B8B /* NewBMExerciseController-ipad.xib in Resources */ = {isa = PBXBuildFile; fileRef = 8504E7861749206900826B8B /* NewBMExerciseController-ipad.xib */; };
		8504E78A1749206900826B8B /* ExerciseHelpViewController-ipad.xib in Resources */ = {isa = PBXBuildFile; fileRef = 8504E7881749206900826B8B /* ExerciseHelpViewController-ipad.xib */; };
		8504E78B1749206900826B8B /* PhaseHelpViewController-ipad.xib in Resources */ = {isa = PBXBuildFile; fileRef = 8504E7891749206900826B8B /* PhaseHelpViewController-ipad.xib */; };
		8504E78C1749206900826B8B /* AlarmSoundViewController-ipad.xib in Resources */ = {isa = PBXBuildFile; fileRef = 85A8984B174511BF00F321F1 /* AlarmSoundViewController-ipad.xib */; };
		8504E78D1749206900826B8B /* DefaultExerciseController-ipad.xib in Resources */ = {isa = PBXBuildFile; fileRef = 85A8984D1745130400F321F1 /* DefaultExerciseController-ipad.xib */; };
		8504E78E1749206900826B8B /* EulaViewController-ipad.xib in Resources */ = {isa = PBXBuildFile; fileRef = 8504E77E1749206900826B8B /* EulaViewController-ipad.xib */; };
		8504E78F1749206900826B8B /* RootViewController-ipad.xib in Resources */ = {isa = PBXBuildFile; fileRef = 8504E77B1749206900826B8B /* RootViewController-ipad.xib */; };
		8504E7901749206900826B8B /* RapidReturnController-ipad.xib in Resources */ = {isa = PBXBuildFile; fileRef = 8504E7801749206900826B8B /* RapidReturnController-ipad.xib */; };
		8504E7911749206900826B8B /* BreastMassageController-ipad.xib in Resources */ = {isa = PBXBuildFile; fileRef = 8504E7821749206900826B8B /* BreastMassageController-ipad.xib */; };
		8504E7921749206900826B8B /* NewBMExerciseController-ipad.xib in Resources */ = {isa = PBXBuildFile; fileRef = 8504E7861749206900826B8B /* NewBMExerciseController-ipad.xib */; };
		8504E7931749206900826B8B /* PhaseHelpViewController-ipad.xib in Resources */ = {isa = PBXBuildFile; fileRef = 8504E7891749206900826B8B /* PhaseHelpViewController-ipad.xib */; };
		8504E7941749206900826B8B /* ExerciseHelpViewController-ipad.xib in Resources */ = {isa = PBXBuildFile; fileRef = 8504E7881749206900826B8B /* ExerciseHelpViewController-ipad.xib */; };
		8504E7981749206900826B8B /* DocumentViewController.m in Sources */ = {isa = PBXBuildFile; fileRef = 8504E7961749206900826B8B /* DocumentViewController.m */; };
		8504E7991749206900826B8B /* DocumentViewController.xib in Resources */ = {isa = PBXBuildFile; fileRef = 8504E7971749206900826B8B /* DocumentViewController.xib */; };
		8504E79C1749206900826B8B /* DocumentViewController.xib in Resources */ = {isa = PBXBuildFile; fileRef = 8504E7971749206900826B8B /* DocumentViewController.xib */; };
		8504E79D1749206900826B8B /* DocumentViewController.m in Sources */ = {isa = PBXBuildFile; fileRef = 8504E7961749206900826B8B /* DocumentViewController.m */; };
		85617AAF1737E15500DF3A95 /* 3 Beeps.wav in Resources */ = {isa = PBXBuildFile; fileRef = 85617AAE1737E15500DF3A95 /* 3 Beeps.wav */; };
		8564648A17426748008A9A68 /* Default@2x.png in Resources */ = {isa = PBXBuildFile; fileRef = 8564648917426748008A9A68 /* Default@2x.png */; };
		8564648C1742674E008A9A68 /* Default-568h@2x.png in Resources */ = {isa = PBXBuildFile; fileRef = 8564648B1742674D008A9A68 /* Default-568h@2x.png */; };
		85A8984C174511BF00F321F1 /* AlarmSoundViewController-ipad.xib in Resources */ = {isa = PBXBuildFile; fileRef = 85A8984B174511BF00F321F1 /* AlarmSoundViewController-ipad.xib */; };
		85A8984E1745130400F321F1 /* DefaultExerciseController-ipad.xib in Resources */ = {isa = PBXBuildFile; fileRef = 85A8984D1745130400F321F1 /* DefaultExerciseController-ipad.xib */; };
		85CE0B5417411325002D92F3 /* UINavigationController+autorotate.m in Sources */ = {isa = PBXBuildFile; fileRef = 85CE0B5317411325002D92F3 /* UINavigationController+autorotate.m */; };
		85D3C816173FCFBA00C915AE /* arrowBottomLeft.png in Resources */ = {isa = PBXBuildFile; fileRef = 85D3C80F173FCFBA00C915AE /* arrowBottomLeft.png */; };
		85D3C817173FCFBA00C915AE /* arrowBottomRight.png in Resources */ = {isa = PBXBuildFile; fileRef = 85D3C810173FCFBA00C915AE /* arrowBottomRight.png */; };
		85D3C818173FCFBA00C915AE /* arrowDown.png in Resources */ = {isa = PBXBuildFile; fileRef = 85D3C811173FCFBA00C915AE /* arrowDown.png */; };
		85D3C819173FCFBA00C915AE /* arrowLeft.png in Resources */ = {isa = PBXBuildFile; fileRef = 85D3C812173FCFBA00C915AE /* arrowLeft.png */; };
		85D3C81A173FCFBA00C915AE /* arrowRight.png in Resources */ = {isa = PBXBuildFile; fileRef = 85D3C813173FCFBA00C915AE /* arrowRight.png */; };
		85D3C81B173FCFBA00C915AE /* arrowTopLeft.png in Resources */ = {isa = PBXBuildFile; fileRef = 85D3C814173FCFBA00C915AE /* arrowTopLeft.png */; };
		85D3C81C173FCFBA00C915AE /* arrowTopRight.png in Resources */ = {isa = PBXBuildFile; fileRef = 85D3C815173FCFBA00C915AE /* arrowTopRight.png */; };
		85D3C81E173FD06300C915AE /* arrowUp.png in Resources */ = {isa = PBXBuildFile; fileRef = 85D3C81D173FD06300C915AE /* arrowUp.png */; };
		85D3C822173FD57F00C915AE /* PhaseHelpViewController.m in Sources */ = {isa = PBXBuildFile; fileRef = 85D3C820173FD57E00C915AE /* PhaseHelpViewController.m */; };
		85D3C823173FD57F00C915AE /* PhaseHelpViewController.xib in Resources */ = {isa = PBXBuildFile; fileRef = 85D3C821173FD57E00C915AE /* PhaseHelpViewController.xib */; };
		85D3C834173FE30300C915AE /* ExerciseHelpViewController.m in Sources */ = {isa = PBXBuildFile; fileRef = 85D3C832173FE30200C915AE /* ExerciseHelpViewController.m */; };
		85D3C835173FE30300C915AE /* ExerciseHelpViewController.xib in Resources */ = {isa = PBXBuildFile; fileRef = 85D3C833173FE30300C915AE /* ExerciseHelpViewController.xib */; };
		AA53B0D8173A3F1300F2FCFC /* EulaViewController.m in Sources */ = {isa = PBXBuildFile; fileRef = AA53B0D6173A3F1300F2FCFC /* EulaViewController.m */; };
		AA53B0D9173A3F1300F2FCFC /* EulaViewController.xib in Resources */ = {isa = PBXBuildFile; fileRef = AA53B0D7173A3F1300F2FCFC /* EulaViewController.xib */; };
		AA5804A5174C7DA900184D3E /* icon72x72.png in Resources */ = {isa = PBXBuildFile; fileRef = AA5804A4174C7DA900184D3E /* icon72x72.png */; };
		AA5804A7174C7DB000184D3E /* icon114x114.png in Resources */ = {isa = PBXBuildFile; fileRef = AA5804A6174C7DB000184D3E /* icon114x114.png */; };
		AAFA3B481744E7E800A33631 /* main.m in Sources */ = {isa = PBXBuildFile; fileRef = C28BEDAE1534990000543895 /* main.m */; };
		AAFA3B491744E7E800A33631 /* AppDelegate.m in Sources */ = {isa = PBXBuildFile; fileRef = C28BEDB21534990100543895 /* AppDelegate.m */; };
		AAFA3B4A1744E7E800A33631 /* DefaultExerciseController.m in Sources */ = {isa = PBXBuildFile; fileRef = C28BEDBE15349A2D00543895 /* DefaultExerciseController.m */; };
		AAFA3B4B1744E7E800A33631 /* CustomExerciseController.m in Sources */ = {isa = PBXBuildFile; fileRef = C28BEDC115349A2D00543895 /* CustomExerciseController.m */; };
		AAFA3B4C1744E7E800A33631 /* MTPopupWindow.m in Sources */ = {isa = PBXBuildFile; fileRef = C28BEDC415349A2D00543895 /* MTPopupWindow.m */; };
		AAFA3B4D1744E7E800A33631 /* NewActivityController.m in Sources */ = {isa = PBXBuildFile; fileRef = C28BEDC615349A2D00543895 /* NewActivityController.m */; };
		AAFA3B4E1744E7E800A33631 /* RootViewController.m in Sources */ = {isa = PBXBuildFile; fileRef = C28BEDC915349A2D00543895 /* RootViewController.m */; };
		AAFA3B4F1744E7E800A33631 /* RapidReturnController.m in Sources */ = {isa = PBXBuildFile; fileRef = C28BEDCB15349A2D00543895 /* RapidReturnController.m */; };
		AAFA3B501744E7E800A33631 /* NewBMExercise.m in Sources */ = {isa = PBXBuildFile; fileRef = C28BEDD115349A2D00543895 /* NewBMExercise.m */; };
		AAFA3B511744E7E800A33631 /* Exercise.m in Sources */ = {isa = PBXBuildFile; fileRef = C28BEE0615349B7A00543895 /* Exercise.m */; };
		AAFA3B521744E7E800A33631 /* NewBMExerciseController.m in Sources */ = {isa = PBXBuildFile; fileRef = F17F4CA0153F39940008594F /* NewBMExerciseController.m */; };
		AAFA3B531744E7E800A33631 /* AppManager.m in Sources */ = {isa = PBXBuildFile; fileRef = F182B08F1556402800C73F6D /* AppManager.m */; };
		AAFA3B541744E7E800A33631 /* AlarmSoundViewController.m in Sources */ = {isa = PBXBuildFile; fileRef = F18B9A431562C95C00466FB8 /* AlarmSoundViewController.m */; };
		AAFA3B551744E7E800A33631 /* MKLocalNotificationsScheduler.m in Sources */ = {isa = PBXBuildFile; fileRef = CE85C21E16AFFB570023C094 /* MKLocalNotificationsScheduler.m */; };
		AAFA3B561744E7E800A33631 /* BreastMassageController.m in Sources */ = {isa = PBXBuildFile; fileRef = C28BEDCE15349A2D00543895 /* BreastMassageController.m */; };
		AAFA3B571744E7E800A33631 /* EulaViewController.m in Sources */ = {isa = PBXBuildFile; fileRef = AA53B0D6173A3F1300F2FCFC /* EulaViewController.m */; };
		AAFA3B581744E7E800A33631 /* PhaseHelpViewController.m in Sources */ = {isa = PBXBuildFile; fileRef = 85D3C820173FD57E00C915AE /* PhaseHelpViewController.m */; };
		AAFA3B591744E7E800A33631 /* ExerciseHelpViewController.m in Sources */ = {isa = PBXBuildFile; fileRef = 85D3C832173FE30200C915AE /* ExerciseHelpViewController.m */; };
		AAFA3B5A1744E7E800A33631 /* UINavigationController+autorotate.m in Sources */ = {isa = PBXBuildFile; fileRef = 85CE0B5317411325002D92F3 /* UINavigationController+autorotate.m */; };
		AAFA3B5C1744E7E800A33631 /* AudioToolbox.framework in Frameworks */ = {isa = PBXBuildFile; fileRef = F18B9A5C1562D20F00466FB8 /* AudioToolbox.framework */; };
		AAFA3B5D1744E7E800A33631 /* QuartzCore.framework in Frameworks */ = {isa = PBXBuildFile; fileRef = C28BEE0B15349D5000543895 /* QuartzCore.framework */; };
		AAFA3B5E1744E7E800A33631 /* libsqlite3.0.dylib in Frameworks */ = {isa = PBXBuildFile; fileRef = C28BEE0915349D4500543895 /* libsqlite3.0.dylib */; };
		AAFA3B5F1744E7E800A33631 /* UIKit.framework in Frameworks */ = {isa = PBXBuildFile; fileRef = C28BEDA21534990000543895 /* UIKit.framework */; };
		AAFA3B601744E7E800A33631 /* Foundation.framework in Frameworks */ = {isa = PBXBuildFile; fileRef = C28BEDA41534990000543895 /* Foundation.framework */; };
		AAFA3B611744E7E800A33631 /* CoreGraphics.framework in Frameworks */ = {isa = PBXBuildFile; fileRef = C28BEDA61534990000543895 /* CoreGraphics.framework */; };
		AAFA3B631744E7E800A33631 /* InfoPlist.strings in Resources */ = {isa = PBXBuildFile; fileRef = C28BEDAB1534990000543895 /* InfoPlist.strings */; };
		AAFA3B6B1744E7E800A33631 /* text_x_generic@2x.png in Resources */ = {isa = PBXBuildFile; fileRef = C28BEDEB15349AB900543895 /* text_x_generic@2x.png */; };
		AAFA3B6C1744E7E800A33631 /* text_x_generic.png in Resources */ = {isa = PBXBuildFile; fileRef = C28BEDEC15349AB900543895 /* text_x_generic.png */; };
		AAFA3B6D1744E7E800A33631 /* RapidReturnExercises.pdf in Resources */ = {isa = PBXBuildFile; fileRef = C28BEDED15349AB900543895 /* RapidReturnExercises.pdf */; };
		AAFA3B6E1744E7E800A33631 /* Holder_2.png in Resources */ = {isa = PBXBuildFile; fileRef = C28BEDEE15349AB900543895 /* Holder_2.png */; };
		AAFA3B6F1744E7E800A33631 /* Holder.png in Resources */ = {isa = PBXBuildFile; fileRef = C28BEDEF15349AB900543895 /* Holder.png */; };
		AAFA3B701744E7E800A33631 /* bg.png in Resources */ = {isa = PBXBuildFile; fileRef = C28BEDF015349AB900543895 /* bg.png */; };
		AAFA3B711744E7E800A33631 /* popupCloseBtn.png in Resources */ = {isa = PBXBuildFile; fileRef = C28BEDF815349ADA00543895 /* popupCloseBtn.png */; };
		AAFA3B721744E7E800A33631 /* popupCloseBtn@2x.png in Resources */ = {isa = PBXBuildFile; fileRef = C28BEDF915349ADA00543895 /* popupCloseBtn@2x.png */; };
		AAFA3B731744E7E800A33631 /* popupWindowBack.png in Resources */ = {isa = PBXBuildFile; fileRef = C28BEDFA15349ADA00543895 /* popupWindowBack.png */; };
		AAFA3B741744E7E800A33631 /* popupWindowBack@2x.png in Resources */ = {isa = PBXBuildFile; fileRef = C28BEDFB15349ADA00543895 /* popupWindowBack@2x.png */; };
		AAFA3B751744E7E800A33631 /* SampleDatabase.sqlite in Resources */ = {isa = PBXBuildFile; fileRef = F10CDF65153DFA080026279C /* SampleDatabase.sqlite */; };
		AAFA3B771744E7E800A33631 /* BreastMassageInstructions.pdf in Resources */ = {isa = PBXBuildFile; fileRef = DD98F53A1540A036008126B3 /* BreastMassageInstructions.pdf */; };
		AAFA3B781744E7E800A33631 /* button.png in Resources */ = {isa = PBXBuildFile; fileRef = DD7761AB15421EB6009740B4 /* button.png */; };
		AAFA3B791744E7E800A33631 /* icon@2x.png in Resources */ = {isa = PBXBuildFile; fileRef = DDBBB5C8154352F100328ABB /* icon@2x.png */; };
		AAFA3B7A1744E7E800A33631 /* icon.png in Resources */ = {isa = PBXBuildFile; fileRef = DDBBB5C9154352F100328ABB /* icon.png */; };
		AAFA3B7B1744E7E800A33631 /* Disclaimer.png in Resources */ = {isa = PBXBuildFile; fileRef = DDBBB5CE15435A1500328ABB /* Disclaimer.png */; };
		AAFA3B7C1744E7E800A33631 /* Default.png in Resources */ = {isa = PBXBuildFile; fileRef = DDBBB5D015435F8D00328ABB /* Default.png */; };
		AAFA3B7D1744E7E800A33631 /* Terms of User.pdf in Resources */ = {isa = PBXBuildFile; fileRef = DD7DFDBD154368EF0001FBEB /* Terms of User.pdf */; };
		AAFA3B7F1744E7E800A33631 /* Alarm Chicken.wav in Resources */ = {isa = PBXBuildFile; fileRef = DDA657A7157AC270004E3F3E /* Alarm Chicken.wav */; };
		AAFA3B801744E7E800A33631 /* Because of You.wav in Resources */ = {isa = PBXBuildFile; fileRef = DDA657A8157AC270004E3F3E /* Because of You.wav */; };
		AAFA3B811744E7E800A33631 /* Gamma brainwaves.wav in Resources */ = {isa = PBXBuildFile; fileRef = DDA657A9157AC270004E3F3E /* Gamma brainwaves.wav */; };
		AAFA3B821744E7E800A33631 /* Love.wav in Resources */ = {isa = PBXBuildFile; fileRef = DDA657AA157AC270004E3F3E /* Love.wav */; };
		AAFA3B831744E7E800A33631 /* Morning Glow.wav in Resources */ = {isa = PBXBuildFile; fileRef = DDA657AB157AC270004E3F3E /* Morning Glow.wav */; };
		AAFA3B841744E7E800A33631 /* Morning Piano Nature.wav in Resources */ = {isa = PBXBuildFile; fileRef = DDA657AC157AC270004E3F3E /* Morning Piano Nature.wav */; };
		AAFA3B851744E7E800A33631 /* Study Mix.wav in Resources */ = {isa = PBXBuildFile; fileRef = DDA657AD157AC270004E3F3E /* Study Mix.wav */; };
		AAFA3B861744E7E800A33631 /* The Beauty of Nature.wav in Resources */ = {isa = PBXBuildFile; fileRef = DDA657AE157AC270004E3F3E /* The Beauty of Nature.wav */; };
		AAFA3B871744E7E800A33631 /* Twilight Piano.wav in Resources */ = {isa = PBXBuildFile; fileRef = DDA657AF157AC270004E3F3E /* Twilight Piano.wav */; };
		AAFA3B881744E7E800A33631 /* Wake Up Techno.wav in Resources */ = {isa = PBXBuildFile; fileRef = DDA657B0157AC270004E3F3E /* Wake Up Techno.wav */; };
		AAFA3B891744E7E800A33631 /* 3 Beeps.wav in Resources */ = {isa = PBXBuildFile; fileRef = 85617AAE1737E15500DF3A95 /* 3 Beeps.wav */; };
		AAFA3B8B1744E7E800A33631 /* arrowBottomLeft.png in Resources */ = {isa = PBXBuildFile; fileRef = 85D3C80F173FCFBA00C915AE /* arrowBottomLeft.png */; };
		AAFA3B8C1744E7E800A33631 /* arrowBottomRight.png in Resources */ = {isa = PBXBuildFile; fileRef = 85D3C810173FCFBA00C915AE /* arrowBottomRight.png */; };
		AAFA3B8D1744E7E800A33631 /* arrowDown.png in Resources */ = {isa = PBXBuildFile; fileRef = 85D3C811173FCFBA00C915AE /* arrowDown.png */; };
		AAFA3B8E1744E7E800A33631 /* arrowLeft.png in Resources */ = {isa = PBXBuildFile; fileRef = 85D3C812173FCFBA00C915AE /* arrowLeft.png */; };
		AAFA3B8F1744E7E800A33631 /* arrowRight.png in Resources */ = {isa = PBXBuildFile; fileRef = 85D3C813173FCFBA00C915AE /* arrowRight.png */; };
		AAFA3B901744E7E800A33631 /* arrowTopLeft.png in Resources */ = {isa = PBXBuildFile; fileRef = 85D3C814173FCFBA00C915AE /* arrowTopLeft.png */; };
		AAFA3B911744E7E800A33631 /* arrowTopRight.png in Resources */ = {isa = PBXBuildFile; fileRef = 85D3C815173FCFBA00C915AE /* arrowTopRight.png */; };
		AAFA3B921744E7E800A33631 /* arrowUp.png in Resources */ = {isa = PBXBuildFile; fileRef = 85D3C81D173FD06300C915AE /* arrowUp.png */; };
		AAFA3B951744E7E800A33631 /* Default@2x.png in Resources */ = {isa = PBXBuildFile; fileRef = 8564648917426748008A9A68 /* Default@2x.png */; };
		AAFA3B961744E7E800A33631 /* Default-568h@2x.png in Resources */ = {isa = PBXBuildFile; fileRef = 8564648B1742674D008A9A68 /* Default-568h@2x.png */; };
		AAFA3BA91744E7EE00A33631 /* DefaultExerciseController.xib in Resources */ = {isa = PBXBuildFile; fileRef = AAFA3B9D1744E7EE00A33631 /* DefaultExerciseController.xib */; };
		AAFA3BAA1744E7EE00A33631 /* CustomExerciseController.xib in Resources */ = {isa = PBXBuildFile; fileRef = AAFA3B9E1744E7EE00A33631 /* CustomExerciseController.xib */; };
		AAFA3BAB1744E7EE00A33631 /* NewActivityController.xib in Resources */ = {isa = PBXBuildFile; fileRef = AAFA3B9F1744E7EE00A33631 /* NewActivityController.xib */; };
		AAFA3BAC1744E7EE00A33631 /* RapidReturnController.xib in Resources */ = {isa = PBXBuildFile; fileRef = AAFA3BA01744E7EE00A33631 /* RapidReturnController.xib */; };
		AAFA3BAD1744E7EE00A33631 /* BreastMassageController.xib in Resources */ = {isa = PBXBuildFile; fileRef = AAFA3BA11744E7EE00A33631 /* BreastMassageController.xib */; };
		AAFA3BAE1744E7EE00A33631 /* NewBMExercise.xib in Resources */ = {isa = PBXBuildFile; fileRef = AAFA3BA21744E7EE00A33631 /* NewBMExercise.xib */; };
		AAFA3BAF1744E7EE00A33631 /* RootViewController.xib in Resources */ = {isa = PBXBuildFile; fileRef = AAFA3BA31744E7EE00A33631 /* RootViewController.xib */; };
		AAFA3BB01744E7EE00A33631 /* NewBMExerciseController.xib in Resources */ = {isa = PBXBuildFile; fileRef = AAFA3BA41744E7EE00A33631 /* NewBMExerciseController.xib */; };
		AAFA3BB11744E7EE00A33631 /* AlarmSoundViewController.xib in Resources */ = {isa = PBXBuildFile; fileRef = AAFA3BA51744E7EE00A33631 /* AlarmSoundViewController.xib */; };
		AAFA3BB21744E7EE00A33631 /* EulaViewController.xib in Resources */ = {isa = PBXBuildFile; fileRef = AAFA3BA61744E7EE00A33631 /* EulaViewController.xib */; };
		AAFA3BB31744E7EE00A33631 /* PhaseHelpViewController.xib in Resources */ = {isa = PBXBuildFile; fileRef = AAFA3BA71744E7EE00A33631 /* PhaseHelpViewController.xib */; };
		AAFA3BB41744E7EE00A33631 /* ExerciseHelpViewController.xib in Resources */ = {isa = PBXBuildFile; fileRef = AAFA3BA81744E7EE00A33631 /* ExerciseHelpViewController.xib */; };
		C28BEDA31534990000543895 /* UIKit.framework in Frameworks */ = {isa = PBXBuildFile; fileRef = C28BEDA21534990000543895 /* UIKit.framework */; };
		C28BEDA51534990000543895 /* Foundation.framework in Frameworks */ = {isa = PBXBuildFile; fileRef = C28BEDA41534990000543895 /* Foundation.framework */; };
		C28BEDA71534990000543895 /* CoreGraphics.framework in Frameworks */ = {isa = PBXBuildFile; fileRef = C28BEDA61534990000543895 /* CoreGraphics.framework */; };
		C28BEDAD1534990000543895 /* InfoPlist.strings in Resources */ = {isa = PBXBuildFile; fileRef = C28BEDAB1534990000543895 /* InfoPlist.strings */; };
		C28BEDAF1534990000543895 /* main.m in Sources */ = {isa = PBXBuildFile; fileRef = C28BEDAE1534990000543895 /* main.m */; };
		C28BEDB31534990100543895 /* AppDelegate.m in Sources */ = {isa = PBXBuildFile; fileRef = C28BEDB21534990100543895 /* AppDelegate.m */; };
		C28BEDD415349A2D00543895 /* DefaultExerciseController.m in Sources */ = {isa = PBXBuildFile; fileRef = C28BEDBE15349A2D00543895 /* DefaultExerciseController.m */; };
		C28BEDD515349A2D00543895 /* DefaultExerciseController.xib in Resources */ = {isa = PBXBuildFile; fileRef = C28BEDBF15349A2D00543895 /* DefaultExerciseController.xib */; };
		C28BEDD615349A2D00543895 /* CustomExerciseController.m in Sources */ = {isa = PBXBuildFile; fileRef = C28BEDC115349A2D00543895 /* CustomExerciseController.m */; };
		C28BEDD715349A2D00543895 /* CustomExerciseController.xib in Resources */ = {isa = PBXBuildFile; fileRef = C28BEDC215349A2D00543895 /* CustomExerciseController.xib */; };
		C28BEDD815349A2D00543895 /* MTPopupWindow.m in Sources */ = {isa = PBXBuildFile; fileRef = C28BEDC415349A2D00543895 /* MTPopupWindow.m */; };
		C28BEDD915349A2D00543895 /* NewActivityController.m in Sources */ = {isa = PBXBuildFile; fileRef = C28BEDC615349A2D00543895 /* NewActivityController.m */; };
		C28BEDDA15349A2D00543895 /* NewActivityController.xib in Resources */ = {isa = PBXBuildFile; fileRef = C28BEDC715349A2D00543895 /* NewActivityController.xib */; };
		C28BEDDB15349A2D00543895 /* RootViewController.m in Sources */ = {isa = PBXBuildFile; fileRef = C28BEDC915349A2D00543895 /* RootViewController.m */; };
		C28BEDDC15349A2D00543895 /* RapidReturnController.m in Sources */ = {isa = PBXBuildFile; fileRef = C28BEDCB15349A2D00543895 /* RapidReturnController.m */; };
		C28BEDDD15349A2D00543895 /* RapidReturnController.xib in Resources */ = {isa = PBXBuildFile; fileRef = C28BEDCC15349A2D00543895 /* RapidReturnController.xib */; };
		C28BEDDF15349A2D00543895 /* BreastMassageController.xib in Resources */ = {isa = PBXBuildFile; fileRef = C28BEDCF15349A2D00543895 /* BreastMassageController.xib */; };
		C28BEDE015349A2D00543895 /* NewBMExercise.m in Sources */ = {isa = PBXBuildFile; fileRef = C28BEDD115349A2D00543895 /* NewBMExercise.m */; };
		C28BEDE115349A2D00543895 /* NewBMExercise.xib in Resources */ = {isa = PBXBuildFile; fileRef = C28BEDD215349A2D00543895 /* NewBMExercise.xib */; };
		C28BEDE215349A2D00543895 /* RootViewController.xib in Resources */ = {isa = PBXBuildFile; fileRef = C28BEDD315349A2D00543895 /* RootViewController.xib */; };
		C28BEDF115349AB900543895 /* text_x_generic@2x.png in Resources */ = {isa = PBXBuildFile; fileRef = C28BEDEB15349AB900543895 /* text_x_generic@2x.png */; };
		C28BEDF215349AB900543895 /* text_x_generic.png in Resources */ = {isa = PBXBuildFile; fileRef = C28BEDEC15349AB900543895 /* text_x_generic.png */; };
		C28BEDF315349AB900543895 /* RapidReturnExercises.pdf in Resources */ = {isa = PBXBuildFile; fileRef = C28BEDED15349AB900543895 /* RapidReturnExercises.pdf */; };
		C28BEDF415349AB900543895 /* Holder_2.png in Resources */ = {isa = PBXBuildFile; fileRef = C28BEDEE15349AB900543895 /* Holder_2.png */; };
		C28BEDF515349AB900543895 /* Holder.png in Resources */ = {isa = PBXBuildFile; fileRef = C28BEDEF15349AB900543895 /* Holder.png */; };
		C28BEDF615349AB900543895 /* bg.png in Resources */ = {isa = PBXBuildFile; fileRef = C28BEDF015349AB900543895 /* bg.png */; };
		C28BEDFC15349ADA00543895 /* popupCloseBtn.png in Resources */ = {isa = PBXBuildFile; fileRef = C28BEDF815349ADA00543895 /* popupCloseBtn.png */; };
		C28BEDFD15349ADA00543895 /* popupCloseBtn@2x.png in Resources */ = {isa = PBXBuildFile; fileRef = C28BEDF915349ADA00543895 /* popupCloseBtn@2x.png */; };
		C28BEDFE15349ADA00543895 /* popupWindowBack.png in Resources */ = {isa = PBXBuildFile; fileRef = C28BEDFA15349ADA00543895 /* popupWindowBack.png */; };
		C28BEDFF15349ADA00543895 /* popupWindowBack@2x.png in Resources */ = {isa = PBXBuildFile; fileRef = C28BEDFB15349ADA00543895 /* popupWindowBack@2x.png */; };
		C28BEE0715349B7A00543895 /* Exercise.m in Sources */ = {isa = PBXBuildFile; fileRef = C28BEE0615349B7A00543895 /* Exercise.m */; };
		C28BEE0A15349D4500543895 /* libsqlite3.0.dylib in Frameworks */ = {isa = PBXBuildFile; fileRef = C28BEE0915349D4500543895 /* libsqlite3.0.dylib */; };
		C28BEE0C15349D5000543895 /* QuartzCore.framework in Frameworks */ = {isa = PBXBuildFile; fileRef = C28BEE0B15349D5000543895 /* QuartzCore.framework */; };
		CE85C21F16AFFB570023C094 /* MKLocalNotificationsScheduler.m in Sources */ = {isa = PBXBuildFile; fileRef = CE85C21E16AFFB570023C094 /* MKLocalNotificationsScheduler.m */; };
		CE85C23516B021F20023C094 /* BreastMassageController.m in Sources */ = {isa = PBXBuildFile; fileRef = C28BEDCE15349A2D00543895 /* BreastMassageController.m */; };
		DD7761AC15421EB6009740B4 /* button.png in Resources */ = {isa = PBXBuildFile; fileRef = DD7761AB15421EB6009740B4 /* button.png */; };
		DD7DFDBE154368EF0001FBEB /* Terms of User.pdf in Resources */ = {isa = PBXBuildFile; fileRef = DD7DFDBD154368EF0001FBEB /* Terms of User.pdf */; };
		DD98F53B1540A037008126B3 /* BreastMassageInstructions.pdf in Resources */ = {isa = PBXBuildFile; fileRef = DD98F53A1540A036008126B3 /* BreastMassageInstructions.pdf */; };
		DDA657B1157AC270004E3F3E /* Alarm Chicken.wav in Resources */ = {isa = PBXBuildFile; fileRef = DDA657A7157AC270004E3F3E /* Alarm Chicken.wav */; };
		DDA657B2157AC270004E3F3E /* Because of You.wav in Resources */ = {isa = PBXBuildFile; fileRef = DDA657A8157AC270004E3F3E /* Because of You.wav */; };
		DDA657B3157AC270004E3F3E /* Gamma brainwaves.wav in Resources */ = {isa = PBXBuildFile; fileRef = DDA657A9157AC270004E3F3E /* Gamma brainwaves.wav */; };
		DDA657B4157AC270004E3F3E /* Love.wav in Resources */ = {isa = PBXBuildFile; fileRef = DDA657AA157AC270004E3F3E /* Love.wav */; };
		DDA657B5157AC270004E3F3E /* Morning Glow.wav in Resources */ = {isa = PBXBuildFile; fileRef = DDA657AB157AC270004E3F3E /* Morning Glow.wav */; };
		DDA657B6157AC270004E3F3E /* Morning Piano Nature.wav in Resources */ = {isa = PBXBuildFile; fileRef = DDA657AC157AC270004E3F3E /* Morning Piano Nature.wav */; };
		DDA657B7157AC270004E3F3E /* Study Mix.wav in Resources */ = {isa = PBXBuildFile; fileRef = DDA657AD157AC270004E3F3E /* Study Mix.wav */; };
		DDA657B8157AC270004E3F3E /* The Beauty of Nature.wav in Resources */ = {isa = PBXBuildFile; fileRef = DDA657AE157AC270004E3F3E /* The Beauty of Nature.wav */; };
		DDA657B9157AC270004E3F3E /* Twilight Piano.wav in Resources */ = {isa = PBXBuildFile; fileRef = DDA657AF157AC270004E3F3E /* Twilight Piano.wav */; };
		DDA657BA157AC270004E3F3E /* Wake Up Techno.wav in Resources */ = {isa = PBXBuildFile; fileRef = DDA657B0157AC270004E3F3E /* Wake Up Techno.wav */; };
		DDBBB5CA154352F100328ABB /* icon@2x.png in Resources */ = {isa = PBXBuildFile; fileRef = DDBBB5C8154352F100328ABB /* icon@2x.png */; };
		DDBBB5CB154352F100328ABB /* icon.png in Resources */ = {isa = PBXBuildFile; fileRef = DDBBB5C9154352F100328ABB /* icon.png */; };
		DDBBB5CF15435A1500328ABB /* Disclaimer.png in Resources */ = {isa = PBXBuildFile; fileRef = DDBBB5CE15435A1500328ABB /* Disclaimer.png */; };
		DDBBB5D115435F8D00328ABB /* Default.png in Resources */ = {isa = PBXBuildFile; fileRef = DDBBB5D015435F8D00328ABB /* Default.png */; };
		F10CDF66153DFA080026279C /* SampleDatabase.sqlite in Resources */ = {isa = PBXBuildFile; fileRef = F10CDF65153DFA080026279C /* SampleDatabase.sqlite */; };
		F17F4CA2153F39940008594F /* NewBMExerciseController.m in Sources */ = {isa = PBXBuildFile; fileRef = F17F4CA0153F39940008594F /* NewBMExerciseController.m */; };
		F17F4CA3153F39940008594F /* NewBMExerciseController.xib in Resources */ = {isa = PBXBuildFile; fileRef = F17F4CA1153F39940008594F /* NewBMExerciseController.xib */; };
		F182B0901556402800C73F6D /* AppManager.m in Sources */ = {isa = PBXBuildFile; fileRef = F182B08F1556402800C73F6D /* AppManager.m */; };
		F18B9A451562C95C00466FB8 /* AlarmSoundViewController.m in Sources */ = {isa = PBXBuildFile; fileRef = F18B9A431562C95C00466FB8 /* AlarmSoundViewController.m */; };
		F18B9A461562C95C00466FB8 /* AlarmSoundViewController.xib in Resources */ = {isa = PBXBuildFile; fileRef = F18B9A441562C95C00466FB8 /* AlarmSoundViewController.xib */; };
		F18B9A5D1562D20F00466FB8 /* AudioToolbox.framework in Frameworks */ = {isa = PBXBuildFile; fileRef = F18B9A5C1562D20F00466FB8 /* AudioToolbox.framework */; };
/* End PBXBuildFile section */

/* Begin PBXFileReference section */
		8504E77B1749206900826B8B /* RootViewController-ipad.xib */ = {isa = PBXFileReference; fileEncoding = 4; lastKnownFileType = file.xib; path = "RootViewController-ipad.xib"; sourceTree = "<group>"; };
		8504E77E1749206900826B8B /* EulaViewController-ipad.xib */ = {isa = PBXFileReference; fileEncoding = 4; lastKnownFileType = file.xib; path = "EulaViewController-ipad.xib"; sourceTree = "<group>"; };
		8504E7801749206900826B8B /* RapidReturnController-ipad.xib */ = {isa = PBXFileReference; fileEncoding = 4; lastKnownFileType = file.xib; path = "RapidReturnController-ipad.xib"; sourceTree = "<group>"; };
		8504E7821749206900826B8B /* BreastMassageController-ipad.xib */ = {isa = PBXFileReference; fileEncoding = 4; lastKnownFileType = file.xib; path = "BreastMassageController-ipad.xib"; sourceTree = "<group>"; };
		8504E7861749206900826B8B /* NewBMExerciseController-ipad.xib */ = {isa = PBXFileReference; fileEncoding = 4; lastKnownFileType = file.xib; path = "NewBMExerciseController-ipad.xib"; sourceTree = "<group>"; };
		8504E7881749206900826B8B /* ExerciseHelpViewController-ipad.xib */ = {isa = PBXFileReference; fileEncoding = 4; lastKnownFileType = file.xib; path = "ExerciseHelpViewController-ipad.xib"; sourceTree = "<group>"; };
		8504E7891749206900826B8B /* PhaseHelpViewController-ipad.xib */ = {isa = PBXFileReference; fileEncoding = 4; lastKnownFileType = file.xib; path = "PhaseHelpViewController-ipad.xib"; sourceTree = "<group>"; };
		8504E7951749206900826B8B /* DocumentViewController.h */ = {isa = PBXFileReference; fileEncoding = 4; lastKnownFileType = sourcecode.c.h; path = DocumentViewController.h; sourceTree = "<group>"; };
		8504E7961749206900826B8B /* DocumentViewController.m */ = {isa = PBXFileReference; fileEncoding = 4; lastKnownFileType = sourcecode.c.objc; path = DocumentViewController.m; sourceTree = "<group>"; };
		8504E7971749206900826B8B /* DocumentViewController.xib */ = {isa = PBXFileReference; fileEncoding = 4; lastKnownFileType = file.xib; path = DocumentViewController.xib; sourceTree = "<group>"; };
		85617AAE1737E15500DF3A95 /* 3 Beeps.wav */ = {isa = PBXFileReference; lastKnownFileType = audio.wav; path = "3 Beeps.wav"; sourceTree = "<group>"; };
		8564648917426748008A9A68 /* Default@2x.png */ = {isa = PBXFileReference; lastKnownFileType = image.png; path = "Default@2x.png"; sourceTree = "<group>"; };
		8564648B1742674D008A9A68 /* Default-568h@2x.png */ = {isa = PBXFileReference; lastKnownFileType = image.png; path = "Default-568h@2x.png"; sourceTree = "<group>"; };
		85A898491745101B00F321F1 /* define.h */ = {isa = PBXFileReference; lastKnownFileType = sourcecode.c.h; path = define.h; sourceTree = "<group>"; };
		85A8984B174511BF00F321F1 /* AlarmSoundViewController-ipad.xib */ = {isa = PBXFileReference; fileEncoding = 4; lastKnownFileType = file.xib; path = "AlarmSoundViewController-ipad.xib"; sourceTree = "<group>"; };
		85A8984D1745130400F321F1 /* DefaultExerciseController-ipad.xib */ = {isa = PBXFileReference; fileEncoding = 4; lastKnownFileType = file.xib; path = "DefaultExerciseController-ipad.xib"; sourceTree = "<group>"; };
		85CE0B5217411325002D92F3 /* UINavigationController+autorotate.h */ = {isa = PBXFileReference; fileEncoding = 4; lastKnownFileType = sourcecode.c.h; path = "UINavigationController+autorotate.h"; sourceTree = "<group>"; };
		85CE0B5317411325002D92F3 /* UINavigationController+autorotate.m */ = {isa = PBXFileReference; fileEncoding = 4; lastKnownFileType = sourcecode.c.objc; path = "UINavigationController+autorotate.m"; sourceTree = "<group>"; };
		85D3C80F173FCFBA00C915AE /* arrowBottomLeft.png */ = {isa = PBXFileReference; lastKnownFileType = image.png; path = arrowBottomLeft.png; sourceTree = "<group>"; };
		85D3C810173FCFBA00C915AE /* arrowBottomRight.png */ = {isa = PBXFileReference; lastKnownFileType = image.png; path = arrowBottomRight.png; sourceTree = "<group>"; };
		85D3C811173FCFBA00C915AE /* arrowDown.png */ = {isa = PBXFileReference; lastKnownFileType = image.png; path = arrowDown.png; sourceTree = "<group>"; };
		85D3C812173FCFBA00C915AE /* arrowLeft.png */ = {isa = PBXFileReference; lastKnownFileType = image.png; path = arrowLeft.png; sourceTree = "<group>"; };
		85D3C813173FCFBA00C915AE /* arrowRight.png */ = {isa = PBXFileReference; lastKnownFileType = image.png; path = arrowRight.png; sourceTree = "<group>"; };
		85D3C814173FCFBA00C915AE /* arrowTopLeft.png */ = {isa = PBXFileReference; lastKnownFileType = image.png; path = arrowTopLeft.png; sourceTree = "<group>"; };
		85D3C815173FCFBA00C915AE /* arrowTopRight.png */ = {isa = PBXFileReference; lastKnownFileType = image.png; path = arrowTopRight.png; sourceTree = "<group>"; };
		85D3C81D173FD06300C915AE /* arrowUp.png */ = {isa = PBXFileReference; lastKnownFileType = image.png; path = arrowUp.png; sourceTree = "<group>"; };
		85D3C81F173FD57E00C915AE /* PhaseHelpViewController.h */ = {isa = PBXFileReference; fileEncoding = 4; lastKnownFileType = sourcecode.c.h; path = PhaseHelpViewController.h; sourceTree = "<group>"; };
		85D3C820173FD57E00C915AE /* PhaseHelpViewController.m */ = {isa = PBXFileReference; fileEncoding = 4; lastKnownFileType = sourcecode.c.objc; path = PhaseHelpViewController.m; sourceTree = "<group>"; };
		85D3C821173FD57E00C915AE /* PhaseHelpViewController.xib */ = {isa = PBXFileReference; fileEncoding = 4; lastKnownFileType = file.xib; path = PhaseHelpViewController.xib; sourceTree = "<group>"; };
		85D3C831173FE30200C915AE /* ExerciseHelpViewController.h */ = {isa = PBXFileReference; fileEncoding = 4; lastKnownFileType = sourcecode.c.h; path = ExerciseHelpViewController.h; sourceTree = "<group>"; };
		85D3C832173FE30200C915AE /* ExerciseHelpViewController.m */ = {isa = PBXFileReference; fileEncoding = 4; lastKnownFileType = sourcecode.c.objc; path = ExerciseHelpViewController.m; sourceTree = "<group>"; };
		85D3C833173FE30300C915AE /* ExerciseHelpViewController.xib */ = {isa = PBXFileReference; fileEncoding = 4; lastKnownFileType = file.xib; path = ExerciseHelpViewController.xib; sourceTree = "<group>"; };
		AA53B0D5173A3F1300F2FCFC /* EulaViewController.h */ = {isa = PBXFileReference; fileEncoding = 4; lastKnownFileType = sourcecode.c.h; path = EulaViewController.h; sourceTree = "<group>"; };
		AA53B0D6173A3F1300F2FCFC /* EulaViewController.m */ = {isa = PBXFileReference; fileEncoding = 4; lastKnownFileType = sourcecode.c.objc; path = EulaViewController.m; sourceTree = "<group>"; };
		AA53B0D7173A3F1300F2FCFC /* EulaViewController.xib */ = {isa = PBXFileReference; fileEncoding = 4; lastKnownFileType = file.xib; path = EulaViewController.xib; sourceTree = "<group>"; };
		AA5804A4174C7DA900184D3E /* icon72x72.png */ = {isa = PBXFileReference; lastKnownFileType = image.png; path = icon72x72.png; sourceTree = "<group>"; };
		AA5804A6174C7DB000184D3E /* icon114x114.png */ = {isa = PBXFileReference; lastKnownFileType = image.png; path = icon114x114.png; sourceTree = "<group>"; };
		AAFA3B9A1744E7E800A33631 /* Breast Implant Exercises HD.app */ = {isa = PBXFileReference; explicitFileType = wrapper.application; includeInIndex = 0; path = "Breast Implant Exercises HD.app"; sourceTree = BUILT_PRODUCTS_DIR; };
		AAFA3B9C1744E7E900A33631 /* BreastImplantExercises copy-Info.plist */ = {isa = PBXFileReference; lastKnownFileType = text.plist.xml; name = "BreastImplantExercises copy-Info.plist"; path = "/Users/daihuynh/Pictures/CurrentProjects/BreastImplantExercises-final_2 2/BreastImplantExercises copy-Info.plist"; sourceTree = "<absolute>"; };
		AAFA3B9D1744E7EE00A33631 /* DefaultExerciseController.xib */ = {isa = PBXFileReference; lastKnownFileType = file.xib; name = DefaultExerciseController.xib; path = "Resources-iPad/Medical_Revised/DefaultExerciseController.xib"; sourceTree = "<group>"; };
		AAFA3B9E1744E7EE00A33631 /* CustomExerciseController.xib */ = {isa = PBXFileReference; lastKnownFileType = file.xib; name = CustomExerciseController.xib; path = "Resources-iPad/Medical_Revised/CustomExerciseController.xib"; sourceTree = "<group>"; };
		AAFA3B9F1744E7EE00A33631 /* NewActivityController.xib */ = {isa = PBXFileReference; lastKnownFileType = file.xib; name = NewActivityController.xib; path = "Resources-iPad/Medical_Revised/NewActivityController.xib"; sourceTree = "<group>"; };
		AAFA3BA01744E7EE00A33631 /* RapidReturnController.xib */ = {isa = PBXFileReference; lastKnownFileType = file.xib; name = RapidReturnController.xib; path = "Resources-iPad/Medical_Revised/RapidReturnController.xib"; sourceTree = "<group>"; };
		AAFA3BA11744E7EE00A33631 /* BreastMassageController.xib */ = {isa = PBXFileReference; lastKnownFileType = file.xib; name = BreastMassageController.xib; path = "Resources-iPad/Medical_Revised/BreastMassageController.xib"; sourceTree = "<group>"; };
		AAFA3BA21744E7EE00A33631 /* NewBMExercise.xib */ = {isa = PBXFileReference; lastKnownFileType = file.xib; name = NewBMExercise.xib; path = "Resources-iPad/Medical_Revised/NewBMExercise.xib"; sourceTree = "<group>"; };
		AAFA3BA31744E7EE00A33631 /* RootViewController.xib */ = {isa = PBXFileReference; lastKnownFileType = file.xib; name = RootViewController.xib; path = "Resources-iPad/Medical_Revised/RootViewController.xib"; sourceTree = "<group>"; };
		AAFA3BA41744E7EE00A33631 /* NewBMExerciseController.xib */ = {isa = PBXFileReference; lastKnownFileType = file.xib; name = NewBMExerciseController.xib; path = "Resources-iPad/Medical_Revised/NewBMExerciseController.xib"; sourceTree = "<group>"; };
		AAFA3BA51744E7EE00A33631 /* AlarmSoundViewController.xib */ = {isa = PBXFileReference; lastKnownFileType = file.xib; name = AlarmSoundViewController.xib; path = "Resources-iPad/Medical_Revised/AlarmSoundViewController.xib"; sourceTree = "<group>"; };
		AAFA3BA61744E7EE00A33631 /* EulaViewController.xib */ = {isa = PBXFileReference; lastKnownFileType = file.xib; name = EulaViewController.xib; path = "Resources-iPad/Medical_Revised/EulaViewController.xib"; sourceTree = "<group>"; };
		AAFA3BA71744E7EE00A33631 /* PhaseHelpViewController.xib */ = {isa = PBXFileReference; lastKnownFileType = file.xib; name = PhaseHelpViewController.xib; path = "Resources-iPad/Medical_Revised/PhaseHelpViewController.xib"; sourceTree = "<group>"; };
		AAFA3BA81744E7EE00A33631 /* ExerciseHelpViewController.xib */ = {isa = PBXFileReference; lastKnownFileType = file.xib; name = ExerciseHelpViewController.xib; path = "Resources-iPad/Medical_Revised/ExerciseHelpViewController.xib"; sourceTree = "<group>"; };
		C28BED9E1534990000543895 /* Breast Implant Exercises.app */ = {isa = PBXFileReference; explicitFileType = wrapper.application; includeInIndex = 0; path = "Breast Implant Exercises.app"; sourceTree = BUILT_PRODUCTS_DIR; };
		C28BEDA21534990000543895 /* UIKit.framework */ = {isa = PBXFileReference; lastKnownFileType = wrapper.framework; name = UIKit.framework; path = System/Library/Frameworks/UIKit.framework; sourceTree = SDKROOT; };
		C28BEDA41534990000543895 /* Foundation.framework */ = {isa = PBXFileReference; lastKnownFileType = wrapper.framework; name = Foundation.framework; path = System/Library/Frameworks/Foundation.framework; sourceTree = SDKROOT; };
		C28BEDA61534990000543895 /* CoreGraphics.framework */ = {isa = PBXFileReference; lastKnownFileType = wrapper.framework; name = CoreGraphics.framework; path = System/Library/Frameworks/CoreGraphics.framework; sourceTree = SDKROOT; };
		C28BEDAA1534990000543895 /* BreastImplantExercises-Info.plist */ = {isa = PBXFileReference; lastKnownFileType = text.plist.xml; path = "BreastImplantExercises-Info.plist"; sourceTree = "<group>"; };
		C28BEDAC1534990000543895 /* en */ = {isa = PBXFileReference; lastKnownFileType = text.plist.strings; name = en; path = en.lproj/InfoPlist.strings; sourceTree = "<group>"; };
		C28BEDAE1534990000543895 /* main.m */ = {isa = PBXFileReference; lastKnownFileType = sourcecode.c.objc; path = main.m; sourceTree = "<group>"; };
		C28BEDB01534990000543895 /* BreastImplantExercises-Prefix.pch */ = {isa = PBXFileReference; lastKnownFileType = sourcecode.c.h; path = "BreastImplantExercises-Prefix.pch"; sourceTree = "<group>"; };
		C28BEDB11534990100543895 /* AppDelegate.h */ = {isa = PBXFileReference; lastKnownFileType = sourcecode.c.h; path = AppDelegate.h; sourceTree = "<group>"; };
		C28BEDB21534990100543895 /* AppDelegate.m */ = {isa = PBXFileReference; lastKnownFileType = sourcecode.c.objc; path = AppDelegate.m; sourceTree = "<group>"; };
		C28BEDBB153499E800543895 /* Constants.h */ = {isa = PBXFileReference; fileEncoding = 4; lastKnownFileType = sourcecode.c.h; path = Constants.h; sourceTree = "<group>"; };
		C28BEDBD15349A2D00543895 /* DefaultExerciseController.h */ = {isa = PBXFileReference; fileEncoding = 4; lastKnownFileType = sourcecode.c.h; path = DefaultExerciseController.h; sourceTree = "<group>"; };
		C28BEDBE15349A2D00543895 /* DefaultExerciseController.m */ = {isa = PBXFileReference; fileEncoding = 4; lastKnownFileType = sourcecode.c.objc; path = DefaultExerciseController.m; sourceTree = "<group>"; };
		C28BEDBF15349A2D00543895 /* DefaultExerciseController.xib */ = {isa = PBXFileReference; fileEncoding = 4; lastKnownFileType = file.xib; path = DefaultExerciseController.xib; sourceTree = "<group>"; };
		C28BEDC015349A2D00543895 /* CustomExerciseController.h */ = {isa = PBXFileReference; fileEncoding = 4; lastKnownFileType = sourcecode.c.h; path = CustomExerciseController.h; sourceTree = "<group>"; };
		C28BEDC115349A2D00543895 /* CustomExerciseController.m */ = {isa = PBXFileReference; fileEncoding = 4; lastKnownFileType = sourcecode.c.objc; path = CustomExerciseController.m; sourceTree = "<group>"; };
		C28BEDC215349A2D00543895 /* CustomExerciseController.xib */ = {isa = PBXFileReference; fileEncoding = 4; lastKnownFileType = file.xib; path = CustomExerciseController.xib; sourceTree = "<group>"; };
		C28BEDC315349A2D00543895 /* MTPopupWindow.h */ = {isa = PBXFileReference; fileEncoding = 4; lastKnownFileType = sourcecode.c.h; path = MTPopupWindow.h; sourceTree = "<group>"; };
		C28BEDC415349A2D00543895 /* MTPopupWindow.m */ = {isa = PBXFileReference; fileEncoding = 4; lastKnownFileType = sourcecode.c.objc; path = MTPopupWindow.m; sourceTree = "<group>"; };
		C28BEDC515349A2D00543895 /* NewActivityController.h */ = {isa = PBXFileReference; fileEncoding = 4; lastKnownFileType = sourcecode.c.h; path = NewActivityController.h; sourceTree = "<group>"; };
		C28BEDC615349A2D00543895 /* NewActivityController.m */ = {isa = PBXFileReference; fileEncoding = 4; lastKnownFileType = sourcecode.c.objc; path = NewActivityController.m; sourceTree = "<group>"; };
		C28BEDC715349A2D00543895 /* NewActivityController.xib */ = {isa = PBXFileReference; fileEncoding = 4; lastKnownFileType = file.xib; path = NewActivityController.xib; sourceTree = "<group>"; };
		C28BEDC815349A2D00543895 /* RootViewController.h */ = {isa = PBXFileReference; fileEncoding = 4; lastKnownFileType = sourcecode.c.h; path = RootViewController.h; sourceTree = "<group>"; };
		C28BEDC915349A2D00543895 /* RootViewController.m */ = {isa = PBXFileReference; fileEncoding = 4; lastKnownFileType = sourcecode.c.objc; path = RootViewController.m; sourceTree = "<group>"; };
		C28BEDCA15349A2D00543895 /* RapidReturnController.h */ = {isa = PBXFileReference; fileEncoding = 4; lastKnownFileType = sourcecode.c.h; path = RapidReturnController.h; sourceTree = "<group>"; };
		C28BEDCB15349A2D00543895 /* RapidReturnController.m */ = {isa = PBXFileReference; fileEncoding = 4; lastKnownFileType = sourcecode.c.objc; path = RapidReturnController.m; sourceTree = "<group>"; };
		C28BEDCC15349A2D00543895 /* RapidReturnController.xib */ = {isa = PBXFileReference; fileEncoding = 4; lastKnownFileType = file.xib; path = RapidReturnController.xib; sourceTree = "<group>"; };
		C28BEDCD15349A2D00543895 /* BreastMassageController.h */ = {isa = PBXFileReference; fileEncoding = 4; lastKnownFileType = sourcecode.c.h; path = BreastMassageController.h; sourceTree = "<group>"; };
		C28BEDCE15349A2D00543895 /* BreastMassageController.m */ = {isa = PBXFileReference; fileEncoding = 4; lastKnownFileType = sourcecode.c.objc; path = BreastMassageController.m; sourceTree = "<group>"; };
		C28BEDCF15349A2D00543895 /* BreastMassageController.xib */ = {isa = PBXFileReference; fileEncoding = 4; lastKnownFileType = file.xib; path = BreastMassageController.xib; sourceTree = "<group>"; };
		C28BEDD015349A2D00543895 /* NewBMExercise.h */ = {isa = PBXFileReference; fileEncoding = 4; lastKnownFileType = sourcecode.c.h; path = NewBMExercise.h; sourceTree = "<group>"; };
		C28BEDD115349A2D00543895 /* NewBMExercise.m */ = {isa = PBXFileReference; fileEncoding = 4; lastKnownFileType = sourcecode.c.objc; path = NewBMExercise.m; sourceTree = "<group>"; };
		C28BEDD215349A2D00543895 /* NewBMExercise.xib */ = {isa = PBXFileReference; fileEncoding = 4; lastKnownFileType = file.xib; path = NewBMExercise.xib; sourceTree = "<group>"; };
		C28BEDD315349A2D00543895 /* RootViewController.xib */ = {isa = PBXFileReference; fileEncoding = 4; lastKnownFileType = file.xib; path = RootViewController.xib; sourceTree = "<group>"; };
		C28BEDEB15349AB900543895 /* text_x_generic@2x.png */ = {isa = PBXFileReference; lastKnownFileType = image.png; path = "text_x_generic@2x.png"; sourceTree = "<group>"; };
		C28BEDEC15349AB900543895 /* text_x_generic.png */ = {isa = PBXFileReference; lastKnownFileType = image.png; path = text_x_generic.png; sourceTree = "<group>"; };
		C28BEDED15349AB900543895 /* RapidReturnExercises.pdf */ = {isa = PBXFileReference; lastKnownFileType = image.pdf; path = RapidReturnExercises.pdf; sourceTree = "<group>"; };
		C28BEDEE15349AB900543895 /* Holder_2.png */ = {isa = PBXFileReference; lastKnownFileType = image.png; path = Holder_2.png; sourceTree = "<group>"; };
		C28BEDEF15349AB900543895 /* Holder.png */ = {isa = PBXFileReference; lastKnownFileType = image.png; path = Holder.png; sourceTree = "<group>"; };
		C28BEDF015349AB900543895 /* bg.png */ = {isa = PBXFileReference; lastKnownFileType = image.png; path = bg.png; sourceTree = "<group>"; };
		C28BEDF815349ADA00543895 /* popupCloseBtn.png */ = {isa = PBXFileReference; lastKnownFileType = image.png; path = popupCloseBtn.png; sourceTree = "<group>"; };
		C28BEDF915349ADA00543895 /* popupCloseBtn@2x.png */ = {isa = PBXFileReference; lastKnownFileType = image.png; path = "popupCloseBtn@2x.png"; sourceTree = "<group>"; };
		C28BEDFA15349ADA00543895 /* popupWindowBack.png */ = {isa = PBXFileReference; lastKnownFileType = image.png; path = popupWindowBack.png; sourceTree = "<group>"; };
		C28BEDFB15349ADA00543895 /* popupWindowBack@2x.png */ = {isa = PBXFileReference; lastKnownFileType = image.png; path = "popupWindowBack@2x.png"; sourceTree = "<group>"; };
		C28BEE0515349B7A00543895 /* Exercise.h */ = {isa = PBXFileReference; fileEncoding = 4; lastKnownFileType = sourcecode.c.h; path = Exercise.h; sourceTree = "<group>"; };
		C28BEE0615349B7A00543895 /* Exercise.m */ = {isa = PBXFileReference; fileEncoding = 4; lastKnownFileType = sourcecode.c.objc; path = Exercise.m; sourceTree = "<group>"; };
		C28BEE0915349D4500543895 /* libsqlite3.0.dylib */ = {isa = PBXFileReference; lastKnownFileType = "compiled.mach-o.dylib"; name = libsqlite3.0.dylib; path = usr/lib/libsqlite3.0.dylib; sourceTree = SDKROOT; };
		C28BEE0B15349D5000543895 /* QuartzCore.framework */ = {isa = PBXFileReference; lastKnownFileType = wrapper.framework; name = QuartzCore.framework; path = System/Library/Frameworks/QuartzCore.framework; sourceTree = SDKROOT; };
		CE85C21D16AFFB570023C094 /* MKLocalNotificationsScheduler.h */ = {isa = PBXFileReference; fileEncoding = 4; lastKnownFileType = sourcecode.c.h; path = MKLocalNotificationsScheduler.h; sourceTree = "<group>"; };
		CE85C21E16AFFB570023C094 /* MKLocalNotificationsScheduler.m */ = {isa = PBXFileReference; fileEncoding = 4; lastKnownFileType = sourcecode.c.objc; path = MKLocalNotificationsScheduler.m; sourceTree = "<group>"; };
		DD680CBA1565C1520027DE87 /* BreastImplantExercises.entitlements */ = {isa = PBXFileReference; lastKnownFileType = text.xml; path = BreastImplantExercises.entitlements; sourceTree = "<group>"; };
		DD7761AB15421EB6009740B4 /* button.png */ = {isa = PBXFileReference; lastKnownFileType = image.png; path = button.png; sourceTree = "<group>"; };
		DD7DFDBD154368EF0001FBEB /* Terms of User.pdf */ = {isa = PBXFileReference; lastKnownFileType = image.pdf; path = "Terms of User.pdf"; sourceTree = "<group>"; };
		DD98F53A1540A036008126B3 /* BreastMassageInstructions.pdf */ = {isa = PBXFileReference; lastKnownFileType = image.pdf; path = BreastMassageInstructions.pdf; sourceTree = "<group>"; };
		DDA657A7157AC270004E3F3E /* Alarm Chicken.wav */ = {isa = PBXFileReference; lastKnownFileType = audio.wav; path = "Alarm Chicken.wav"; sourceTree = "<group>"; };
		DDA657A8157AC270004E3F3E /* Because of You.wav */ = {isa = PBXFileReference; lastKnownFileType = audio.wav; path = "Because of You.wav"; sourceTree = "<group>"; };
		DDA657A9157AC270004E3F3E /* Gamma brainwaves.wav */ = {isa = PBXFileReference; lastKnownFileType = audio.wav; path = "Gamma brainwaves.wav"; sourceTree = "<group>"; };
		DDA657AA157AC270004E3F3E /* Love.wav */ = {isa = PBXFileReference; lastKnownFileType = audio.wav; path = Love.wav; sourceTree = "<group>"; };
		DDA657AB157AC270004E3F3E /* Morning Glow.wav */ = {isa = PBXFileReference; lastKnownFileType = audio.wav; path = "Morning Glow.wav"; sourceTree = "<group>"; };
		DDA657AC157AC270004E3F3E /* Morning Piano Nature.wav */ = {isa = PBXFileReference; lastKnownFileType = audio.wav; path = "Morning Piano Nature.wav"; sourceTree = "<group>"; };
		DDA657AD157AC270004E3F3E /* Study Mix.wav */ = {isa = PBXFileReference; lastKnownFileType = audio.wav; path = "Study Mix.wav"; sourceTree = "<group>"; };
		DDA657AE157AC270004E3F3E /* The Beauty of Nature.wav */ = {isa = PBXFileReference; lastKnownFileType = audio.wav; path = "The Beauty of Nature.wav"; sourceTree = "<group>"; };
		DDA657AF157AC270004E3F3E /* Twilight Piano.wav */ = {isa = PBXFileReference; lastKnownFileType = audio.wav; path = "Twilight Piano.wav"; sourceTree = "<group>"; };
		DDA657B0157AC270004E3F3E /* Wake Up Techno.wav */ = {isa = PBXFileReference; lastKnownFileType = audio.wav; path = "Wake Up Techno.wav"; sourceTree = "<group>"; };
		DDBBB5C8154352F100328ABB /* icon@2x.png */ = {isa = PBXFileReference; lastKnownFileType = image.png; path = "icon@2x.png"; sourceTree = "<group>"; };
		DDBBB5C9154352F100328ABB /* icon.png */ = {isa = PBXFileReference; lastKnownFileType = image.png; path = icon.png; sourceTree = "<group>"; };
		DDBBB5CE15435A1500328ABB /* Disclaimer.png */ = {isa = PBXFileReference; lastKnownFileType = image.png; path = Disclaimer.png; sourceTree = "<group>"; };
		DDBBB5D015435F8D00328ABB /* Default.png */ = {isa = PBXFileReference; lastKnownFileType = image.png; path = Default.png; sourceTree = "<group>"; };
		F10CDF65153DFA080026279C /* SampleDatabase.sqlite */ = {isa = PBXFileReference; lastKnownFileType = file; path = SampleDatabase.sqlite; sourceTree = "<group>"; };
		F17F4C9F153F39940008594F /* NewBMExerciseController.h */ = {isa = PBXFileReference; fileEncoding = 4; lastKnownFileType = sourcecode.c.h; path = NewBMExerciseController.h; sourceTree = "<group>"; };
		F17F4CA0153F39940008594F /* NewBMExerciseController.m */ = {isa = PBXFileReference; fileEncoding = 4; lastKnownFileType = sourcecode.c.objc; path = NewBMExerciseController.m; sourceTree = "<group>"; };
		F17F4CA1153F39940008594F /* NewBMExerciseController.xib */ = {isa = PBXFileReference; fileEncoding = 4; lastKnownFileType = file.xib; path = NewBMExerciseController.xib; sourceTree = "<group>"; };
		F182B08E1556402800C73F6D /* AppManager.h */ = {isa = PBXFileReference; fileEncoding = 4; lastKnownFileType = sourcecode.c.h; path = AppManager.h; sourceTree = "<group>"; };
		F182B08F1556402800C73F6D /* AppManager.m */ = {isa = PBXFileReference; fileEncoding = 4; lastKnownFileType = sourcecode.c.objc; path = AppManager.m; sourceTree = "<group>"; };
		F18B9A421562C95C00466FB8 /* AlarmSoundViewController.h */ = {isa = PBXFileReference; fileEncoding = 4; lastKnownFileType = sourcecode.c.h; path = AlarmSoundViewController.h; sourceTree = "<group>"; };
		F18B9A431562C95C00466FB8 /* AlarmSoundViewController.m */ = {isa = PBXFileReference; fileEncoding = 4; lastKnownFileType = sourcecode.c.objc; path = AlarmSoundViewController.m; sourceTree = "<group>"; };
		F18B9A441562C95C00466FB8 /* AlarmSoundViewController.xib */ = {isa = PBXFileReference; fileEncoding = 4; lastKnownFileType = file.xib; path = AlarmSoundViewController.xib; sourceTree = "<group>"; };
		F18B9A5A1562CFF800466FB8 /* AlarmControllerDelegate.h */ = {isa = PBXFileReference; fileEncoding = 4; lastKnownFileType = sourcecode.c.h; path = AlarmControllerDelegate.h; sourceTree = "<group>"; };
		F18B9A5C1562D20F00466FB8 /* AudioToolbox.framework */ = {isa = PBXFileReference; lastKnownFileType = wrapper.framework; name = AudioToolbox.framework; path = System/Library/Frameworks/AudioToolbox.framework; sourceTree = SDKROOT; };
/* End PBXFileReference section */

/* Begin PBXFrameworksBuildPhase section */
		AAFA3B5B1744E7E800A33631 /* Frameworks */ = {
			isa = PBXFrameworksBuildPhase;
			buildActionMask = 2147483647;
			files = (
				AAFA3B5C1744E7E800A33631 /* AudioToolbox.framework in Frameworks */,
				AAFA3B5D1744E7E800A33631 /* QuartzCore.framework in Frameworks */,
				AAFA3B5E1744E7E800A33631 /* libsqlite3.0.dylib in Frameworks */,
				AAFA3B5F1744E7E800A33631 /* UIKit.framework in Frameworks */,
				AAFA3B601744E7E800A33631 /* Foundation.framework in Frameworks */,
				AAFA3B611744E7E800A33631 /* CoreGraphics.framework in Frameworks */,
			);
			runOnlyForDeploymentPostprocessing = 0;
		};
		C28BED9B1534990000543895 /* Frameworks */ = {
			isa = PBXFrameworksBuildPhase;
			buildActionMask = 2147483647;
			files = (
				F18B9A5D1562D20F00466FB8 /* AudioToolbox.framework in Frameworks */,
				C28BEE0C15349D5000543895 /* QuartzCore.framework in Frameworks */,
				C28BEE0A15349D4500543895 /* libsqlite3.0.dylib in Frameworks */,
				C28BEDA31534990000543895 /* UIKit.framework in Frameworks */,
				C28BEDA51534990000543895 /* Foundation.framework in Frameworks */,
				C28BEDA71534990000543895 /* CoreGraphics.framework in Frameworks */,
			);
			runOnlyForDeploymentPostprocessing = 0;
		};
/* End PBXFrameworksBuildPhase section */

/* Begin PBXGroup section */
		AAFA3B9B1744E7E800A33631 /* Resources-iPad */ = {
			isa = PBXGroup;
			children = (
				AAFA3B9D1744E7EE00A33631 /* DefaultExerciseController.xib */,
				AAFA3B9E1744E7EE00A33631 /* CustomExerciseController.xib */,
				AAFA3B9F1744E7EE00A33631 /* NewActivityController.xib */,
				AAFA3BA01744E7EE00A33631 /* RapidReturnController.xib */,
				AAFA3BA11744E7EE00A33631 /* BreastMassageController.xib */,
				AAFA3BA21744E7EE00A33631 /* NewBMExercise.xib */,
				AAFA3BA31744E7EE00A33631 /* RootViewController.xib */,
				AAFA3BA41744E7EE00A33631 /* NewBMExerciseController.xib */,
				AAFA3BA51744E7EE00A33631 /* AlarmSoundViewController.xib */,
				AAFA3BA61744E7EE00A33631 /* EulaViewController.xib */,
				AAFA3BA71744E7EE00A33631 /* PhaseHelpViewController.xib */,
				AAFA3BA81744E7EE00A33631 /* ExerciseHelpViewController.xib */,
			);
			name = "Resources-iPad";
			sourceTree = "<group>";
		};
		C28BED931534990000543895 = {
			isa = PBXGroup;
			children = (
				AA5804A6174C7DB000184D3E /* icon114x114.png */,
				AA5804A4174C7DA900184D3E /* icon72x72.png */,
				AAFA3B9B1744E7E800A33631 /* Resources-iPad */,
				8564648B1742674D008A9A68 /* Default-568h@2x.png */,
				8564648917426748008A9A68 /* Default@2x.png */,
				DD680CBA1565C1520027DE87 /* BreastImplantExercises.entitlements */,
				DDBBB5D015435F8D00328ABB /* Default.png */,
				85A898491745101B00F321F1 /* define.h */,
				C28BEDA81534990000543895 /* Medical_Revised */,
				C28BEDA11534990000543895 /* Frameworks */,
				C28BED9F1534990000543895 /* Products */,
				AAFA3B9C1744E7E900A33631 /* BreastImplantExercises copy-Info.plist */,
			);
			sourceTree = "<group>";
		};
		C28BED9F1534990000543895 /* Products */ = {
			isa = PBXGroup;
			children = (
				C28BED9E1534990000543895 /* Breast Implant Exercises.app */,
				AAFA3B9A1744E7E800A33631 /* Breast Implant Exercises HD.app */,
			);
			name = Products;
			sourceTree = "<group>";
		};
		C28BEDA11534990000543895 /* Frameworks */ = {
			isa = PBXGroup;
			children = (
				F18B9A5C1562D20F00466FB8 /* AudioToolbox.framework */,
				C28BEE0B15349D5000543895 /* QuartzCore.framework */,
				C28BEE0915349D4500543895 /* libsqlite3.0.dylib */,
				C28BEDA21534990000543895 /* UIKit.framework */,
				C28BEDA41534990000543895 /* Foundation.framework */,
				C28BEDA61534990000543895 /* CoreGraphics.framework */,
			);
			name = Frameworks;
			sourceTree = "<group>";
		};
		C28BEDA81534990000543895 /* Medical_Revised */ = {
			isa = PBXGroup;
			children = (
				DDA657A6157AC270004E3F3E /* Sound */,
				C28BEDB9153499BE00543895 /* AppDelegate */,
				C28BEE0815349B7F00543895 /* Exercise */,
				C28BEDA91534990000543895 /* Supporting Files */,
				C28BEDBA153499CC00543895 /* ViewControllers */,
			);
			path = Medical_Revised;
			sourceTree = "<group>";
		};
		C28BEDA91534990000543895 /* Supporting Files */ = {
			isa = PBXGroup;
			children = (
				C28BEDF715349ABF00543895 /* AppResources */,
				DD7761AB15421EB6009740B4 /* button.png */,
				85D3C80F173FCFBA00C915AE /* arrowBottomLeft.png */,
				85D3C810173FCFBA00C915AE /* arrowBottomRight.png */,
				85D3C811173FCFBA00C915AE /* arrowDown.png */,
				85D3C812173FCFBA00C915AE /* arrowLeft.png */,
				85D3C813173FCFBA00C915AE /* arrowRight.png */,
				85D3C814173FCFBA00C915AE /* arrowTopLeft.png */,
				85D3C815173FCFBA00C915AE /* arrowTopRight.png */,
				DD7DFDBD154368EF0001FBEB /* Terms of User.pdf */,
				85D3C81D173FD06300C915AE /* arrowUp.png */,
				DDBBB5CE15435A1500328ABB /* Disclaimer.png */,
				DDBBB5C8154352F100328ABB /* icon@2x.png */,
				DDBBB5C9154352F100328ABB /* icon.png */,
				DD98F53A1540A036008126B3 /* BreastMassageInstructions.pdf */,
				F10CDF65153DFA080026279C /* SampleDatabase.sqlite */,
				C28BEDBB153499E800543895 /* Constants.h */,
				C28BEDAA1534990000543895 /* BreastImplantExercises-Info.plist */,
				C28BEDAB1534990000543895 /* InfoPlist.strings */,
				C28BEDAE1534990000543895 /* main.m */,
				C28BEDB01534990000543895 /* BreastImplantExercises-Prefix.pch */,
				F182B08E1556402800C73F6D /* AppManager.h */,
				F182B08F1556402800C73F6D /* AppManager.m */,
			);
			name = "Supporting Files";
			sourceTree = "<group>";
		};
		C28BEDB9153499BE00543895 /* AppDelegate */ = {
			isa = PBXGroup;
			children = (
				C28BEDB11534990100543895 /* AppDelegate.h */,
				C28BEDB21534990100543895 /* AppDelegate.m */,
			);
			name = AppDelegate;
			sourceTree = "<group>";
		};
		C28BEDBA153499CC00543895 /* ViewControllers */ = {
			isa = PBXGroup;
			children = (
				CE85C21B16AFFB1F0023C094 /* defaultnotification */,
				F18B9A401562C91D00466FB8 /* Choose Alarm Sound */,
				C28BEDE315349A3D00543895 /* DefaultExerciseController */,
				C28BEDE415349A4B00543895 /* CustomExerciseController */,
				C28BEDE515349A5A00543895 /* Custom Popup */,
				C28BEDE615349A6500543895 /* New Activity */,
				C28BEDE715349A6E00543895 /* RootViewController */,
				C28BEDE815349A7A00543895 /* Rapid Return */,
				C28BEDE915349A8600543895 /* BreastMassageController */,
				C28BEDEA15349A9400543895 /* NewBMController */,
				85D3C81F173FD57E00C915AE /* PhaseHelpViewController.h */,
				85D3C820173FD57E00C915AE /* PhaseHelpViewController.m */,
				8504E7891749206900826B8B /* PhaseHelpViewController-ipad.xib */,
				85D3C821173FD57E00C915AE /* PhaseHelpViewController.xib */,
				85D3C831173FE30200C915AE /* ExerciseHelpViewController.h */,
				85D3C832173FE30200C915AE /* ExerciseHelpViewController.m */,
				8504E7881749206900826B8B /* ExerciseHelpViewController-ipad.xib */,
				85D3C833173FE30300C915AE /* ExerciseHelpViewController.xib */,
				85CE0B5217411325002D92F3 /* UINavigationController+autorotate.h */,
				85CE0B5317411325002D92F3 /* UINavigationController+autorotate.m */,
				8504E7951749206900826B8B /* DocumentViewController.h */,
				8504E7961749206900826B8B /* DocumentViewController.m */,
				8504E7971749206900826B8B /* DocumentViewController.xib */,
			);
			name = ViewControllers;
			sourceTree = "<group>";
		};
		C28BEDE315349A3D00543895 /* DefaultExerciseController */ = {
			isa = PBXGroup;
			children = (
				85A8984D1745130400F321F1 /* DefaultExerciseController-ipad.xib */,
				C28BEDBD15349A2D00543895 /* DefaultExerciseController.h */,
				C28BEDBE15349A2D00543895 /* DefaultExerciseController.m */,
				C28BEDBF15349A2D00543895 /* DefaultExerciseController.xib */,
			);
			name = DefaultExerciseController;
			sourceTree = "<group>";
		};
		C28BEDE415349A4B00543895 /* CustomExerciseController */ = {
			isa = PBXGroup;
			children = (
				C28BEDC015349A2D00543895 /* CustomExerciseController.h */,
				C28BEDC115349A2D00543895 /* CustomExerciseController.m */,
				C28BEDC215349A2D00543895 /* CustomExerciseController.xib */,
			);
			name = CustomExerciseController;
			sourceTree = "<group>";
		};
		C28BEDE515349A5A00543895 /* Custom Popup */ = {
			isa = PBXGroup;
			children = (
				C28BEDC315349A2D00543895 /* MTPopupWindow.h */,
				C28BEDC415349A2D00543895 /* MTPopupWindow.m */,
				C28BEE0015349ADE00543895 /* Graphics */,
			);
			name = "Custom Popup";
			sourceTree = "<group>";
		};
		C28BEDE615349A6500543895 /* New Activity */ = {
			isa = PBXGroup;
			children = (
				C28BEDC515349A2D00543895 /* NewActivityController.h */,
				C28BEDC615349A2D00543895 /* NewActivityController.m */,
				C28BEDC715349A2D00543895 /* NewActivityController.xib */,
			);
			name = "New Activity";
			sourceTree = "<group>";
		};
		C28BEDE715349A6E00543895 /* RootViewController */ = {
			isa = PBXGroup;
			children = (
				8504E77E1749206900826B8B /* EulaViewController-ipad.xib */,
				8504E77B1749206900826B8B /* RootViewController-ipad.xib */,
				C28BEDC815349A2D00543895 /* RootViewController.h */,
				C28BEDC915349A2D00543895 /* RootViewController.m */,
				C28BEDD315349A2D00543895 /* RootViewController.xib */,
				AA53B0D5173A3F1300F2FCFC /* EulaViewController.h */,
				AA53B0D6173A3F1300F2FCFC /* EulaViewController.m */,
				AA53B0D7173A3F1300F2FCFC /* EulaViewController.xib */,
			);
			name = RootViewController;
			sourceTree = "<group>";
		};
		C28BEDE815349A7A00543895 /* Rapid Return */ = {
			isa = PBXGroup;
			children = (
				8504E7801749206900826B8B /* RapidReturnController-ipad.xib */,
				C28BEDCA15349A2D00543895 /* RapidReturnController.h */,
				C28BEDCB15349A2D00543895 /* RapidReturnController.m */,
				C28BEDCC15349A2D00543895 /* RapidReturnController.xib */,
			);
			name = "Rapid Return";
			sourceTree = "<group>";
		};
		C28BEDE915349A8600543895 /* BreastMassageController */ = {
			isa = PBXGroup;
			children = (
				8504E7821749206900826B8B /* BreastMassageController-ipad.xib */,
				C28BEDCD15349A2D00543895 /* BreastMassageController.h */,
				C28BEDCE15349A2D00543895 /* BreastMassageController.m */,
				C28BEDCF15349A2D00543895 /* BreastMassageController.xib */,
			);
			name = BreastMassageController;
			sourceTree = "<group>";
		};
		C28BEDEA15349A9400543895 /* NewBMController */ = {
			isa = PBXGroup;
			children = (
				8504E7861749206900826B8B /* NewBMExerciseController-ipad.xib */,
				F17F4C9F153F39940008594F /* NewBMExerciseController.h */,
				F17F4CA0153F39940008594F /* NewBMExerciseController.m */,
				F17F4CA1153F39940008594F /* NewBMExerciseController.xib */,
				C28BEDD015349A2D00543895 /* NewBMExercise.h */,
				C28BEDD115349A2D00543895 /* NewBMExercise.m */,
				C28BEDD215349A2D00543895 /* NewBMExercise.xib */,
			);
			name = NewBMController;
			sourceTree = "<group>";
		};
		C28BEDF715349ABF00543895 /* AppResources */ = {
			isa = PBXGroup;
			children = (
				C28BEDEB15349AB900543895 /* text_x_generic@2x.png */,
				C28BEDEC15349AB900543895 /* text_x_generic.png */,
				C28BEDED15349AB900543895 /* RapidReturnExercises.pdf */,
				C28BEDEE15349AB900543895 /* Holder_2.png */,
				C28BEDEF15349AB900543895 /* Holder.png */,
				C28BEDF015349AB900543895 /* bg.png */,
			);
			name = AppResources;
			sourceTree = "<group>";
		};
		C28BEE0015349ADE00543895 /* Graphics */ = {
			isa = PBXGroup;
			children = (
				C28BEDF815349ADA00543895 /* popupCloseBtn.png */,
				C28BEDF915349ADA00543895 /* popupCloseBtn@2x.png */,
				C28BEDFA15349ADA00543895 /* popupWindowBack.png */,
				C28BEDFB15349ADA00543895 /* popupWindowBack@2x.png */,
			);
			name = Graphics;
			sourceTree = "<group>";
		};
		C28BEE0815349B7F00543895 /* Exercise */ = {
			isa = PBXGroup;
			children = (
				C28BEE0515349B7A00543895 /* Exercise.h */,
				C28BEE0615349B7A00543895 /* Exercise.m */,
			);
			name = Exercise;
			sourceTree = "<group>";
		};
		CE85C21B16AFFB1F0023C094 /* defaultnotification */ = {
			isa = PBXGroup;
			children = (
				CE85C21D16AFFB570023C094 /* MKLocalNotificationsScheduler.h */,
				CE85C21E16AFFB570023C094 /* MKLocalNotificationsScheduler.m */,
			);
			name = defaultnotification;
			sourceTree = "<group>";
		};
		DDA657A6157AC270004E3F3E /* Sound */ = {
			isa = PBXGroup;
			children = (
				85617AAE1737E15500DF3A95 /* 3 Beeps.wav */,
				DDA657A7157AC270004E3F3E /* Alarm Chicken.wav */,
				DDA657A8157AC270004E3F3E /* Because of You.wav */,
				DDA657A9157AC270004E3F3E /* Gamma brainwaves.wav */,
				DDA657AA157AC270004E3F3E /* Love.wav */,
				DDA657AB157AC270004E3F3E /* Morning Glow.wav */,
				DDA657AC157AC270004E3F3E /* Morning Piano Nature.wav */,
				DDA657AD157AC270004E3F3E /* Study Mix.wav */,
				DDA657AE157AC270004E3F3E /* The Beauty of Nature.wav */,
				DDA657AF157AC270004E3F3E /* Twilight Piano.wav */,
				DDA657B0157AC270004E3F3E /* Wake Up Techno.wav */,
			);
			path = Sound;
			sourceTree = "<group>";
		};
		F18B9A401562C91D00466FB8 /* Choose Alarm Sound */ = {
			isa = PBXGroup;
			children = (
				85A8984B174511BF00F321F1 /* AlarmSoundViewController-ipad.xib */,
				F18B9A5B1562D07100466FB8 /* AlarmControllerDelegate */,
				F18B9A421562C95C00466FB8 /* AlarmSoundViewController.h */,
				F18B9A431562C95C00466FB8 /* AlarmSoundViewController.m */,
				F18B9A441562C95C00466FB8 /* AlarmSoundViewController.xib */,
			);
			name = "Choose Alarm Sound";
			sourceTree = "<group>";
		};
		F18B9A5B1562D07100466FB8 /* AlarmControllerDelegate */ = {
			isa = PBXGroup;
			children = (
				F18B9A5A1562CFF800466FB8 /* AlarmControllerDelegate.h */,
			);
			name = AlarmControllerDelegate;
			sourceTree = "<group>";
		};
/* End PBXGroup section */

/* Begin PBXNativeTarget section */
		AAFA3B461744E7E800A33631 /* BreastImplantExercises-iPad */ = {
			isa = PBXNativeTarget;
			buildConfigurationList = AAFA3B971744E7E800A33631 /* Build configuration list for PBXNativeTarget "BreastImplantExercises-iPad" */;
			buildPhases = (
				AAFA3B471744E7E800A33631 /* Sources */,
				AAFA3B5B1744E7E800A33631 /* Frameworks */,
				AAFA3B621744E7E800A33631 /* Resources */,
			);
			buildRules = (
			);
			dependencies = (
			);
			name = "BreastImplantExercises-iPad";
			productName = Medical_Revised;
			productReference = AAFA3B9A1744E7E800A33631 /* Breast Implant Exercises HD.app */;
			productType = "com.apple.product-type.application";
		};
		C28BED9D1534990000543895 /* BreastImplantExercises */ = {
			isa = PBXNativeTarget;
			buildConfigurationList = C28BEDB61534990100543895 /* Build configuration list for PBXNativeTarget "BreastImplantExercises" */;
			buildPhases = (
				C28BED9A1534990000543895 /* Sources */,
				C28BED9B1534990000543895 /* Frameworks */,
				C28BED9C1534990000543895 /* Resources */,
			);
			buildRules = (
			);
			dependencies = (
			);
			name = BreastImplantExercises;
			productName = Medical_Revised;
			productReference = C28BED9E1534990000543895 /* Breast Implant Exercises.app */;
			productType = "com.apple.product-type.application";
		};
/* End PBXNativeTarget section */

/* Begin PBXProject section */
		C28BED951534990000543895 /* Project object */ = {
			isa = PBXProject;
			attributes = {
				LastUpgradeCheck = 0420;
			};
			buildConfigurationList = C28BED981534990000543895 /* Build configuration list for PBXProject "BreastImplantExercises" */;
			compatibilityVersion = "Xcode 3.2";
			developmentRegion = English;
			hasScannedForEncodings = 0;
			knownRegions = (
				en,
			);
			mainGroup = C28BED931534990000543895;
			productRefGroup = C28BED9F1534990000543895 /* Products */;
			projectDirPath = "";
			projectRoot = "";
			targets = (
				C28BED9D1534990000543895 /* BreastImplantExercises */,
				AAFA3B461744E7E800A33631 /* BreastImplantExercises-iPad */,
			);
		};
/* End PBXProject section */

/* Begin PBXResourcesBuildPhase section */
		AAFA3B621744E7E800A33631 /* Resources */ = {
			isa = PBXResourcesBuildPhase;
			buildActionMask = 2147483647;
			files = (
				8504E79C1749206900826B8B /* DocumentViewController.xib in Resources */,
				8504E78C1749206900826B8B /* AlarmSoundViewController-ipad.xib in Resources */,
				8504E78D1749206900826B8B /* DefaultExerciseController-ipad.xib in Resources */,
				8504E78E1749206900826B8B /* EulaViewController-ipad.xib in Resources */,
				8504E78F1749206900826B8B /* RootViewController-ipad.xib in Resources */,
				8504E7901749206900826B8B /* RapidReturnController-ipad.xib in Resources */,
				8504E7911749206900826B8B /* BreastMassageController-ipad.xib in Resources */,
				8504E7921749206900826B8B /* NewBMExerciseController-ipad.xib in Resources */,
				8504E7931749206900826B8B /* PhaseHelpViewController-ipad.xib in Resources */,
				8504E7941749206900826B8B /* ExerciseHelpViewController-ipad.xib in Resources */,
				AAFA3B631744E7E800A33631 /* InfoPlist.strings in Resources */,
				AAFA3B6B1744E7E800A33631 /* text_x_generic@2x.png in Resources */,
				AAFA3B6C1744E7E800A33631 /* text_x_generic.png in Resources */,
				AAFA3B6D1744E7E800A33631 /* RapidReturnExercises.pdf in Resources */,
				AAFA3B6E1744E7E800A33631 /* Holder_2.png in Resources */,
				AAFA3B6F1744E7E800A33631 /* Holder.png in Resources */,
				AAFA3B701744E7E800A33631 /* bg.png in Resources */,
				AAFA3B711744E7E800A33631 /* popupCloseBtn.png in Resources */,
				AAFA3B721744E7E800A33631 /* popupCloseBtn@2x.png in Resources */,
				AAFA3B731744E7E800A33631 /* popupWindowBack.png in Resources */,
				AAFA3B741744E7E800A33631 /* popupWindowBack@2x.png in Resources */,
				AAFA3B751744E7E800A33631 /* SampleDatabase.sqlite in Resources */,
				AAFA3B771744E7E800A33631 /* BreastMassageInstructions.pdf in Resources */,
				AAFA3B781744E7E800A33631 /* button.png in Resources */,
				AAFA3B791744E7E800A33631 /* icon@2x.png in Resources */,
				AAFA3B7A1744E7E800A33631 /* icon.png in Resources */,
				AAFA3B7B1744E7E800A33631 /* Disclaimer.png in Resources */,
				AAFA3B7C1744E7E800A33631 /* Default.png in Resources */,
				AAFA3B7D1744E7E800A33631 /* Terms of User.pdf in Resources */,
				AAFA3B7F1744E7E800A33631 /* Alarm Chicken.wav in Resources */,
				AAFA3B801744E7E800A33631 /* Because of You.wav in Resources */,
				AAFA3B811744E7E800A33631 /* Gamma brainwaves.wav in Resources */,
				AAFA3B821744E7E800A33631 /* Love.wav in Resources */,
				AAFA3B831744E7E800A33631 /* Morning Glow.wav in Resources */,
				AAFA3B841744E7E800A33631 /* Morning Piano Nature.wav in Resources */,
				AAFA3B851744E7E800A33631 /* Study Mix.wav in Resources */,
				AAFA3B861744E7E800A33631 /* The Beauty of Nature.wav in Resources */,
				AAFA3B871744E7E800A33631 /* Twilight Piano.wav in Resources */,
				AAFA3B881744E7E800A33631 /* Wake Up Techno.wav in Resources */,
				AAFA3B891744E7E800A33631 /* 3 Beeps.wav in Resources */,
				AAFA3B8B1744E7E800A33631 /* arrowBottomLeft.png in Resources */,
				AAFA3B8C1744E7E800A33631 /* arrowBottomRight.png in Resources */,
				AAFA3B8D1744E7E800A33631 /* arrowDown.png in Resources */,
				AAFA3B8E1744E7E800A33631 /* arrowLeft.png in Resources */,
				AAFA3B8F1744E7E800A33631 /* arrowRight.png in Resources */,
				AAFA3B901744E7E800A33631 /* arrowTopLeft.png in Resources */,
				AAFA3B911744E7E800A33631 /* arrowTopRight.png in Resources */,
				AAFA3B921744E7E800A33631 /* arrowUp.png in Resources */,
				AAFA3B951744E7E800A33631 /* Default@2x.png in Resources */,
				AAFA3B961744E7E800A33631 /* Default-568h@2x.png in Resources */,
				AAFA3BA91744E7EE00A33631 /* DefaultExerciseController.xib in Resources */,
				AAFA3BAA1744E7EE00A33631 /* CustomExerciseController.xib in Resources */,
				AAFA3BAB1744E7EE00A33631 /* NewActivityController.xib in Resources */,
				AAFA3BAC1744E7EE00A33631 /* RapidReturnController.xib in Resources */,
				AAFA3BAD1744E7EE00A33631 /* BreastMassageController.xib in Resources */,
				AAFA3BAE1744E7EE00A33631 /* NewBMExercise.xib in Resources */,
				AAFA3BAF1744E7EE00A33631 /* RootViewController.xib in Resources */,
				AAFA3BB01744E7EE00A33631 /* NewBMExerciseController.xib in Resources */,
				AAFA3BB11744E7EE00A33631 /* AlarmSoundViewController.xib in Resources */,
				AAFA3BB21744E7EE00A33631 /* EulaViewController.xib in Resources */,
				AAFA3BB31744E7EE00A33631 /* PhaseHelpViewController.xib in Resources */,
				AAFA3BB41744E7EE00A33631 /* ExerciseHelpViewController.xib in Resources */,
				AA5804A5174C7DA900184D3E /* icon72x72.png in Resources */,
				AA5804A7174C7DB000184D3E /* icon114x114.png in Resources */,
			);
			runOnlyForDeploymentPostprocessing = 0;
		};
		C28BED9C1534990000543895 /* Resources */ = {
			isa = PBXResourcesBuildPhase;
			buildActionMask = 2147483647;
			files = (
				C28BEDAD1534990000543895 /* InfoPlist.strings in Resources */,
				C28BEDD515349A2D00543895 /* DefaultExerciseController.xib in Resources */,
				C28BEDD715349A2D00543895 /* CustomExerciseController.xib in Resources */,
				C28BEDDA15349A2D00543895 /* NewActivityController.xib in Resources */,
				C28BEDDD15349A2D00543895 /* RapidReturnController.xib in Resources */,
				C28BEDDF15349A2D00543895 /* BreastMassageController.xib in Resources */,
				C28BEDE115349A2D00543895 /* NewBMExercise.xib in Resources */,
				C28BEDE215349A2D00543895 /* RootViewController.xib in Resources */,
				C28BEDF115349AB900543895 /* text_x_generic@2x.png in Resources */,
				C28BEDF215349AB900543895 /* text_x_generic.png in Resources */,
				C28BEDF315349AB900543895 /* RapidReturnExercises.pdf in Resources */,
				C28BEDF415349AB900543895 /* Holder_2.png in Resources */,
				C28BEDF515349AB900543895 /* Holder.png in Resources */,
				C28BEDF615349AB900543895 /* bg.png in Resources */,
				C28BEDFC15349ADA00543895 /* popupCloseBtn.png in Resources */,
				C28BEDFD15349ADA00543895 /* popupCloseBtn@2x.png in Resources */,
				C28BEDFE15349ADA00543895 /* popupWindowBack.png in Resources */,
				C28BEDFF15349ADA00543895 /* popupWindowBack@2x.png in Resources */,
				F10CDF66153DFA080026279C /* SampleDatabase.sqlite in Resources */,
				F17F4CA3153F39940008594F /* NewBMExerciseController.xib in Resources */,
				DD98F53B1540A037008126B3 /* BreastMassageInstructions.pdf in Resources */,
				DD7761AC15421EB6009740B4 /* button.png in Resources */,
				DDBBB5CA154352F100328ABB /* icon@2x.png in Resources */,
				DDBBB5CB154352F100328ABB /* icon.png in Resources */,
				DDBBB5CF15435A1500328ABB /* Disclaimer.png in Resources */,
				DDBBB5D115435F8D00328ABB /* Default.png in Resources */,
				DD7DFDBE154368EF0001FBEB /* Terms of User.pdf in Resources */,
				F18B9A461562C95C00466FB8 /* AlarmSoundViewController.xib in Resources */,
				DDA657B1157AC270004E3F3E /* Alarm Chicken.wav in Resources */,
				DDA657B2157AC270004E3F3E /* Because of You.wav in Resources */,
				DDA657B3157AC270004E3F3E /* Gamma brainwaves.wav in Resources */,
				DDA657B4157AC270004E3F3E /* Love.wav in Resources */,
				DDA657B5157AC270004E3F3E /* Morning Glow.wav in Resources */,
				DDA657B6157AC270004E3F3E /* Morning Piano Nature.wav in Resources */,
				DDA657B7157AC270004E3F3E /* Study Mix.wav in Resources */,
				DDA657B8157AC270004E3F3E /* The Beauty of Nature.wav in Resources */,
				DDA657B9157AC270004E3F3E /* Twilight Piano.wav in Resources */,
				DDA657BA157AC270004E3F3E /* Wake Up Techno.wav in Resources */,
				85617AAF1737E15500DF3A95 /* 3 Beeps.wav in Resources */,
				AA53B0D9173A3F1300F2FCFC /* EulaViewController.xib in Resources */,
				85D3C816173FCFBA00C915AE /* arrowBottomLeft.png in Resources */,
				85D3C817173FCFBA00C915AE /* arrowBottomRight.png in Resources */,
				85D3C818173FCFBA00C915AE /* arrowDown.png in Resources */,
				85D3C819173FCFBA00C915AE /* arrowLeft.png in Resources */,
				85D3C81A173FCFBA00C915AE /* arrowRight.png in Resources */,
				85D3C81B173FCFBA00C915AE /* arrowTopLeft.png in Resources */,
				85D3C81C173FCFBA00C915AE /* arrowTopRight.png in Resources */,
				85D3C81E173FD06300C915AE /* arrowUp.png in Resources */,
				85D3C823173FD57F00C915AE /* PhaseHelpViewController.xib in Resources */,
				85D3C835173FE30300C915AE /* ExerciseHelpViewController.xib in Resources */,
				8564648A17426748008A9A68 /* Default@2x.png in Resources */,
				8564648C1742674E008A9A68 /* Default-568h@2x.png in Resources */,
				85A8984C174511BF00F321F1 /* AlarmSoundViewController-ipad.xib in Resources */,
				85A8984E1745130400F321F1 /* DefaultExerciseController-ipad.xib in Resources */,
				8504E77C1749206900826B8B /* RootViewController-ipad.xib in Resources */,
				8504E77F1749206900826B8B /* EulaViewController-ipad.xib in Resources */,
				8504E7811749206900826B8B /* RapidReturnController-ipad.xib in Resources */,
				8504E7831749206900826B8B /* BreastMassageController-ipad.xib in Resources */,
				8504E7871749206900826B8B /* NewBMExerciseController-ipad.xib in Resources */,
				8504E78A1749206900826B8B /* ExerciseHelpViewController-ipad.xib in Resources */,
				8504E78B1749206900826B8B /* PhaseHelpViewController-ipad.xib in Resources */,
				8504E7991749206900826B8B /* DocumentViewController.xib in Resources */,
			);
			runOnlyForDeploymentPostprocessing = 0;
		};
/* End PBXResourcesBuildPhase section */

/* Begin PBXSourcesBuildPhase section */
		AAFA3B471744E7E800A33631 /* Sources */ = {
			isa = PBXSourcesBuildPhase;
			buildActionMask = 2147483647;
			files = (
				8504E79D1749206900826B8B /* DocumentViewController.m in Sources */,
				AAFA3B481744E7E800A33631 /* main.m in Sources */,
				AAFA3B491744E7E800A33631 /* AppDelegate.m in Sources */,
				AAFA3B4A1744E7E800A33631 /* DefaultExerciseController.m in Sources */,
				AAFA3B4B1744E7E800A33631 /* CustomExerciseController.m in Sources */,
				AAFA3B4C1744E7E800A33631 /* MTPopupWindow.m in Sources */,
				AAFA3B4D1744E7E800A33631 /* NewActivityController.m in Sources */,
				AAFA3B4E1744E7E800A33631 /* RootViewController.m in Sources */,
				AAFA3B4F1744E7E800A33631 /* RapidReturnController.m in Sources */,
				AAFA3B501744E7E800A33631 /* NewBMExercise.m in Sources */,
				AAFA3B511744E7E800A33631 /* Exercise.m in Sources */,
				AAFA3B521744E7E800A33631 /* NewBMExerciseController.m in Sources */,
				AAFA3B531744E7E800A33631 /* AppManager.m in Sources */,
				AAFA3B541744E7E800A33631 /* AlarmSoundViewController.m in Sources */,
				AAFA3B551744E7E800A33631 /* MKLocalNotificationsScheduler.m in Sources */,
				AAFA3B561744E7E800A33631 /* BreastMassageController.m in Sources */,
				AAFA3B571744E7E800A33631 /* EulaViewController.m in Sources */,
				AAFA3B581744E7E800A33631 /* PhaseHelpViewController.m in Sources */,
				AAFA3B591744E7E800A33631 /* ExerciseHelpViewController.m in Sources */,
				AAFA3B5A1744E7E800A33631 /* UINavigationController+autorotate.m in Sources */,
			);
			runOnlyForDeploymentPostprocessing = 0;
		};
		C28BED9A1534990000543895 /* Sources */ = {
			isa = PBXSourcesBuildPhase;
			buildActionMask = 2147483647;
			files = (
				C28BEDAF1534990000543895 /* main.m in Sources */,
				C28BEDB31534990100543895 /* AppDelegate.m in Sources */,
				C28BEDD415349A2D00543895 /* DefaultExerciseController.m in Sources */,
				C28BEDD615349A2D00543895 /* CustomExerciseController.m in Sources */,
				C28BEDD815349A2D00543895 /* MTPopupWindow.m in Sources */,
				C28BEDD915349A2D00543895 /* NewActivityController.m in Sources */,
				C28BEDDB15349A2D00543895 /* RootViewController.m in Sources */,
				C28BEDDC15349A2D00543895 /* RapidReturnController.m in Sources */,
				C28BEDE015349A2D00543895 /* NewBMExercise.m in Sources */,
				C28BEE0715349B7A00543895 /* Exercise.m in Sources */,
				F17F4CA2153F39940008594F /* NewBMExerciseController.m in Sources */,
				F182B0901556402800C73F6D /* AppManager.m in Sources */,
				F18B9A451562C95C00466FB8 /* AlarmSoundViewController.m in Sources */,
				CE85C21F16AFFB570023C094 /* MKLocalNotificationsScheduler.m in Sources */,
				CE85C23516B021F20023C094 /* BreastMassageController.m in Sources */,
				AA53B0D8173A3F1300F2FCFC /* EulaViewController.m in Sources */,
				85D3C822173FD57F00C915AE /* PhaseHelpViewController.m in Sources */,
				85D3C834173FE30300C915AE /* ExerciseHelpViewController.m in Sources */,
				85CE0B5417411325002D92F3 /* UINavigationController+autorotate.m in Sources */,
				8504E7981749206900826B8B /* DocumentViewController.m in Sources */,
			);
			runOnlyForDeploymentPostprocessing = 0;
		};
/* End PBXSourcesBuildPhase section */

/* Begin PBXVariantGroup section */
		C28BEDAB1534990000543895 /* InfoPlist.strings */ = {
			isa = PBXVariantGroup;
			children = (
				C28BEDAC1534990000543895 /* en */,
			);
			name = InfoPlist.strings;
			sourceTree = "<group>";
		};
/* End PBXVariantGroup section */

/* Begin XCBuildConfiguration section */
		AAFA3B981744E7E800A33631 /* Debug */ = {
			isa = XCBuildConfiguration;
			buildSettings = {
				ARCHS = (
					armv6,
					"$(ARCHS_STANDARD_32_BIT)",
				);
				CODE_SIGN_IDENTITY = "iPhone Distribution";
				"CODE_SIGN_IDENTITY[sdk=iphoneos*]" = "iPhone Distribution";
				GCC_PRECOMPILE_PREFIX_HEADER = YES;
				GCC_PREFIX_HEADER = "Medical_Revised/BreastImplantExercises-Prefix.pch";
				INFOPLIST_FILE = "BreastImplantExercises copy-Info.plist";
				IPHONEOS_DEPLOYMENT_TARGET = 5.1;
				PRODUCT_NAME = "Breast Implant Exercises HD";
				PROVISIONING_PROFILE = "";
				"PROVISIONING_PROFILE[sdk=iphoneos*]" = "";
				TARGETED_DEVICE_FAMILY = 2;
				WRAPPER_EXTENSION = app;
			};
			name = Debug;
		};
		AAFA3B991744E7E800A33631 /* Release */ = {
			isa = XCBuildConfiguration;
			buildSettings = {
				ARCHS = (
					armv6,
					"$(ARCHS_STANDARD_32_BIT)",
				);
				CODE_SIGN_IDENTITY = "iPhone Distribution";
				"CODE_SIGN_IDENTITY[sdk=iphoneos*]" = "iPhone Distribution";
				GCC_PRECOMPILE_PREFIX_HEADER = YES;
				GCC_PREFIX_HEADER = "Medical_Revised/BreastImplantExercises-Prefix.pch";
				INFOPLIST_FILE = "BreastImplantExercises copy-Info.plist";
				IPHONEOS_DEPLOYMENT_TARGET = 5.1;
				PRODUCT_NAME = "Breast Implant Exercises HD";
				PROVISIONING_PROFILE = "";
				"PROVISIONING_PROFILE[sdk=iphoneos*]" = "";
				TARGETED_DEVICE_FAMILY = 2;
				WRAPPER_EXTENSION = app;
			};
			name = Release;
		};
		C28BEDB41534990100543895 /* Debug */ = {
			isa = XCBuildConfiguration;
			buildSettings = {
				ALWAYS_SEARCH_USER_PATHS = NO;
				ARCHS = "$(ARCHS_STANDARD_32_BIT)";
				CODE_SIGN_IDENTITY = "iPhone Distribution: Otto Placik";
				"CODE_SIGN_IDENTITY[sdk=iphoneos*]" = "iPhone Distribution: Otto Placik";
				COPY_PHASE_STRIP = NO;
				GCC_C_LANGUAGE_STANDARD = gnu99;
				GCC_DYNAMIC_NO_PIC = NO;
				GCC_OPTIMIZATION_LEVEL = 0;
				GCC_PREPROCESSOR_DEFINITIONS = (
					"DEBUG=1",
					"$(inherited)",
				);
				GCC_SYMBOLS_PRIVATE_EXTERN = NO;
				GCC_VERSION = com.apple.compilers.llvm.clang.1_0;
				GCC_WARN_ABOUT_MISSING_PROTOTYPES = YES;
				GCC_WARN_ABOUT_RETURN_TYPE = YES;
				GCC_WARN_UNUSED_VARIABLE = YES;
				IPHONEOS_DEPLOYMENT_TARGET = 5.0;
				PROVISIONING_PROFILE = "3DF54D65-85AA-49C9-A270-E814DBBB7C8F";
				"PROVISIONING_PROFILE[sdk=iphoneos*]" = "3DF54D65-85AA-49C9-A270-E814DBBB7C8F";
				SDKROOT = iphoneos;
			};
			name = Debug;
		};
		C28BEDB51534990100543895 /* Release */ = {
			isa = XCBuildConfiguration;
			buildSettings = {
				ALWAYS_SEARCH_USER_PATHS = NO;
				ARCHS = "$(ARCHS_STANDARD_32_BIT)";
				CODE_SIGN_IDENTITY = "iPhone Distribution: Otto Placik";
				"CODE_SIGN_IDENTITY[sdk=iphoneos*]" = "iPhone Distribution: Otto Placik";
				COPY_PHASE_STRIP = YES;
				GCC_C_LANGUAGE_STANDARD = gnu99;
				GCC_VERSION = com.apple.compilers.llvm.clang.1_0;
				GCC_WARN_ABOUT_MISSING_PROTOTYPES = YES;
				GCC_WARN_ABOUT_RETURN_TYPE = YES;
				GCC_WARN_UNUSED_VARIABLE = YES;
				IPHONEOS_DEPLOYMENT_TARGET = 5.0;
				OTHER_CFLAGS = "-DNS_BLOCK_ASSERTIONS=1";
				PROVISIONING_PROFILE = "3DF54D65-85AA-49C9-A270-E814DBBB7C8F";
				"PROVISIONING_PROFILE[sdk=iphoneos*]" = "FB18BF60-8362-4653-93FB-CCFFAECFF796";
				SDKROOT = iphoneos;
				VALIDATE_PRODUCT = YES;
			};
			name = Release;
		};
		C28BEDB71534990100543895 /* Debug */ = {
			isa = XCBuildConfiguration;
			buildSettings = {
				ARCHS = (
					armv6,
					"$(ARCHS_STANDARD_32_BIT)",
				);
				CODE_SIGN_IDENTITY = "iPhone Distribution";
				"CODE_SIGN_IDENTITY[sdk=iphoneos*]" = "iPhone Distribution";
				GCC_PRECOMPILE_PREFIX_HEADER = YES;
				GCC_PREFIX_HEADER = "Medical_Revised/BreastImplantExercises-Prefix.pch";
				INFOPLIST_FILE = "Medical_Revised/BreastImplantExercises-Info.plist";
				IPHONEOS_DEPLOYMENT_TARGET = 5.1;
				PRODUCT_NAME = "Breast Implant Exercises";
				PROVISIONING_PROFILE = "";
				"PROVISIONING_PROFILE[sdk=iphoneos*]" = "";
				TARGETED_DEVICE_FAMILY = 1;
				WRAPPER_EXTENSION = app;
			};
			name = Debug;
		};
		C28BEDB81534990100543895 /* Release */ = {
			isa = XCBuildConfiguration;
			buildSettings = {
				ARCHS = (
					armv6,
					"$(ARCHS_STANDARD_32_BIT)",
				);
				CODE_SIGN_IDENTITY = "iPhone Distribution";
				"CODE_SIGN_IDENTITY[sdk=iphoneos*]" = "iPhone Distribution";
				GCC_PRECOMPILE_PREFIX_HEADER = YES;
				GCC_PREFIX_HEADER = "Medical_Revised/BreastImplantExercises-Prefix.pch";
				INFOPLIST_FILE = "Medical_Revised/BreastImplantExercises-Info.plist";
				IPHONEOS_DEPLOYMENT_TARGET = 5.1;
				PRODUCT_NAME = "Breast Implant Exercises";
				PROVISIONING_PROFILE = "";
				"PROVISIONING_PROFILE[sdk=iphoneos*]" = "";
				TARGETED_DEVICE_FAMILY = 1;
				WRAPPER_EXTENSION = app;
			};
			name = Release;
		};
/* End XCBuildConfiguration section */

/* Begin XCConfigurationList section */
		AAFA3B971744E7E800A33631 /* Build configuration list for PBXNativeTarget "BreastImplantExercises-iPad" */ = {
			isa = XCConfigurationList;
			buildConfigurations = (
				AAFA3B981744E7E800A33631 /* Debug */,
				AAFA3B991744E7E800A33631 /* Release */,
			);
			defaultConfigurationIsVisible = 0;
			defaultConfigurationName = Release;
		};
		C28BED981534990000543895 /* Build configuration list for PBXProject "BreastImplantExercises" */ = {
			isa = XCConfigurationList;
			buildConfigurations = (
				C28BEDB41534990100543895 /* Debug */,
				C28BEDB51534990100543895 /* Release */,
			);
			defaultConfigurationIsVisible = 0;
			defaultConfigurationName = Release;
		};
		C28BEDB61534990100543895 /* Build configuration list for PBXNativeTarget "BreastImplantExercises" */ = {
			isa = XCConfigurationList;
			buildConfigurations = (
				C28BEDB71534990100543895 /* Debug */,
				C28BEDB81534990100543895 /* Release */,
			);
			defaultConfigurationIsVisible = 0;
			defaultConfigurationName = Release;
		};
/* End XCConfigurationList section */
	};
	rootObject = C28BED951534990000543895 /* Project object */;
}
